// !$*UTF8*$!
{
	archiveVersion = 1;
	classes = {
	};
	objectVersion = 46;
	objects = {

/* Begin PBXBuildFile section */
		63B4BCB1107537F300A0A288 /* Foundation.framework in Frameworks */ = {isa = PBXBuildFile; fileRef = 63B4BCB0107537F300A0A288 /* Foundation.framework */; };
		63CA75D8119666690010C802 /* OpenGL.framework in Frameworks */ = {isa = PBXBuildFile; fileRef = 63CA75D7119666690010C802 /* OpenGL.framework */; };
		8DD76F650486A84900D96B5E /* main.cpp in Sources */ = {isa = PBXBuildFile; fileRef = 08FB7796FE84155DC02AAC07 /* main.cpp */; settings = {ATTRIBUTES = (); }; };
		E498F27B1EEBCDF300FF0564 /* totemBlock.cpp in Sources */ = {isa = PBXBuildFile; fileRef = E498F25B1EEBCDF300FF0564 /* totemBlock.cpp */; };
		E498F27C1EEBCDF300FF0564 /* totemContactManager.cpp in Sources */ = {isa = PBXBuildFile; fileRef = E498F25E1EEBCDF300FF0564 /* totemContactManager.cpp */; };
		E498F27D1EEBCDF300FF0564 /* totemEvent.cpp in Sources */ = {isa = PBXBuildFile; fileRef = E498F2611EEBCDF300FF0564 /* totemEvent.cpp */; };
		E498F27E1EEBCDF300FF0564 /* totemFloorInfo.cpp in Sources */ = {isa = PBXBuildFile; fileRef = E498F2631EEBCDF300FF0564 /* totemFloorInfo.cpp */; };
		E498F27F1EEBCDF300FF0564 /* totemJack.cpp in Sources */ = {isa = PBXBuildFile; fileRef = E498F2671EEBCDF300FF0564 /* totemJack.cpp */; };
		E498F2801EEBCDF300FF0564 /* totemJoint.cpp in Sources */ = {isa = PBXBuildFile; fileRef = E498F2691EEBCDF300FF0564 /* totemJoint.cpp */; };
		E498F2811EEBCDF300FF0564 /* totemLayer.cpp in Sources */ = {isa = PBXBuildFile; fileRef = E498F26B1EEBCDF300FF0564 /* totemLayer.cpp */; };
		E498F2821EEBCDF300FF0564 /* totemLevel.cpp in Sources */ = {isa = PBXBuildFile; fileRef = E498F26D1EEBCDF300FF0564 /* totemLevel.cpp */; };
		E498F2841EEBCDF300FF0564 /* totemPolygon.cpp in Sources */ = {isa = PBXBuildFile; fileRef = E498F2711EEBCDF300FF0564 /* totemPolygon.cpp */; };
		E498F2851EEBCDF300FF0564 /* totemScripting.cpp in Sources */ = {isa = PBXBuildFile; fileRef = E498F2731EEBCDF300FF0564 /* totemScripting.cpp */; };
		E498F2861EEBCDF300FF0564 /* totemUtils.cpp in Sources */ = {isa = PBXBuildFile; fileRef = E498F2751EEBCDF300FF0564 /* totemUtils.cpp */; };
		E498F2871EEBCDF300FF0564 /* totemWorld.cpp in Sources */ = {isa = PBXBuildFile; fileRef = E498F2771EEBCDF300FF0564 /* totemWorld.cpp */; };
		E498F2881EEBCDF300FF0564 /* totemWorldManager.cpp in Sources */ = {isa = PBXBuildFile; fileRef = E498F2791EEBCDF300FF0564 /* totemWorldManager.cpp */; };
		E498F28E1EECE8D400FF0564 /* totemUtils.cpp in Sources */ = {isa = PBXBuildFile; fileRef = E498F2751EEBCDF300FF0564 /* totemUtils.cpp */; };
		E498F28F1EECE8D400FF0564 /* main.cpp in Sources */ = {isa = PBXBuildFile; fileRef = 08FB7796FE84155DC02AAC07 /* main.cpp */; settings = {ATTRIBUTES = (); }; };
		E498F2901EECE8D400FF0564 /* totemBlock.cpp in Sources */ = {isa = PBXBuildFile; fileRef = E498F25B1EEBCDF300FF0564 /* totemBlock.cpp */; };
		E498F2911EECE8D400FF0564 /* totemFloorInfo.cpp in Sources */ = {isa = PBXBuildFile; fileRef = E498F2631EEBCDF300FF0564 /* totemFloorInfo.cpp */; };
		E498F2921EECE8D400FF0564 /* totemScripting.cpp in Sources */ = {isa = PBXBuildFile; fileRef = E498F2731EEBCDF300FF0564 /* totemScripting.cpp */; };
		E498F2931EECE8D400FF0564 /* totemEvent.cpp in Sources */ = {isa = PBXBuildFile; fileRef = E498F2611EEBCDF300FF0564 /* totemEvent.cpp */; };
		E498F2941EECE8D400FF0564 /* totemWorldManager.cpp in Sources */ = {isa = PBXBuildFile; fileRef = E498F2791EEBCDF300FF0564 /* totemWorldManager.cpp */; };
		E498F2961EECE8D400FF0564 /* totemJoint.cpp in Sources */ = {isa = PBXBuildFile; fileRef = E498F2691EEBCDF300FF0564 /* totemJoint.cpp */; };
		E498F2971EECE8D400FF0564 /* totemWorld.cpp in Sources */ = {isa = PBXBuildFile; fileRef = E498F2771EEBCDF300FF0564 /* totemWorld.cpp */; };
		E498F2981EECE8D400FF0564 /* totemLayer.cpp in Sources */ = {isa = PBXBuildFile; fileRef = E498F26B1EEBCDF300FF0564 /* totemLayer.cpp */; };
		E498F2991EECE8D400FF0564 /* totemLevel.cpp in Sources */ = {isa = PBXBuildFile; fileRef = E498F26D1EEBCDF300FF0564 /* totemLevel.cpp */; };
		E498F29A1EECE8D400FF0564 /* totemJack.cpp in Sources */ = {isa = PBXBuildFile; fileRef = E498F2671EEBCDF300FF0564 /* totemJack.cpp */; };
		E498F29B1EECE8D400FF0564 /* totemContactManager.cpp in Sources */ = {isa = PBXBuildFile; fileRef = E498F25E1EEBCDF300FF0564 /* totemContactManager.cpp */; };
		E498F29C1EECE8D400FF0564 /* totemPolygon.cpp in Sources */ = {isa = PBXBuildFile; fileRef = E498F2711EEBCDF300FF0564 /* totemPolygon.cpp */; };
		E498F29F1EECE8D400FF0564 /* Foundation.framework in Frameworks */ = {isa = PBXBuildFile; fileRef = 63B4BCB0107537F300A0A288 /* Foundation.framework */; };
		E498F2A01EECE8D400FF0564 /* OpenGL.framework in Frameworks */ = {isa = PBXBuildFile; fileRef = 63CA75D7119666690010C802 /* OpenGL.framework */; };
		E498F5D71EECFF3400FF0564 /* libhdkOSXmin_64.a in Frameworks */ = {isa = PBXBuildFile; fileRef = E498F2DE1EECF83300FF0564 /* libhdkOSXmin_64.a */; };
		E498F5D81EECFF3800FF0564 /* libhdkOSXmin_32.a in Frameworks */ = {isa = PBXBuildFile; fileRef = E498F2E01EECF83300FF0564 /* libhdkOSXmin_32.a */; };
		E498F8A31EED059800FF0564 /* libz.tbd in Frameworks */ = {isa = PBXBuildFile; fileRef = E498F8A21EED059800FF0564 /* libz.tbd */; };
/* End PBXBuildFile section */

/* Begin PBXContainerItemProxy section */
		E498F2DD1EECF83300FF0564 /* PBXContainerItemProxy */ = {
			isa = PBXContainerItemProxy;
			containerPortal = E498F2D81EECF83300FF0564 /* hdkOSXmin.xcodeproj */;
			proxyType = 2;
			remoteGlobalIDString = 6362DA72118995A600184AE0;
			remoteInfo = hdkOSXmin_64;
		};
		E498F2DF1EECF83300FF0564 /* PBXContainerItemProxy */ = {
			isa = PBXContainerItemProxy;
			containerPortal = E498F2D81EECF83300FF0564 /* hdkOSXmin.xcodeproj */;
			proxyType = 2;
			remoteGlobalIDString = 63D6FBFD118BB0CA00D76242;
			remoteInfo = hdkOSXmin_32;
		};
		E498F5D31EECFF2200FF0564 /* PBXContainerItemProxy */ = {
			isa = PBXContainerItemProxy;
			containerPortal = E498F2D81EECF83300FF0564 /* hdkOSXmin.xcodeproj */;
			proxyType = 1;
			remoteGlobalIDString = 6362D892118995A600184AE0;
			remoteInfo = hdkOSXmin_64;
		};
		E498F5D51EECFF2B00FF0564 /* PBXContainerItemProxy */ = {
			isa = PBXContainerItemProxy;
			containerPortal = E498F2D81EECF83300FF0564 /* hdkOSXmin.xcodeproj */;
			proxyType = 1;
			remoteGlobalIDString = 63D6FA1D118BB0CA00D76242;
			remoteInfo = hdkOSXmin_32;
		};
/* End PBXContainerItemProxy section */

/* Begin PBXFileReference section */
		08FB7796FE84155DC02AAC07 /* main.cpp */ = {isa = PBXFileReference; fileEncoding = 4; lastKnownFileType = sourcecode.cpp.cpp; path = main.cpp; sourceTree = "<group>"; };
		63B4BCB0107537F300A0A288 /* Foundation.framework */ = {isa = PBXFileReference; lastKnownFileType = wrapper.framework; name = Foundation.framework; path = System/Library/Frameworks/Foundation.framework; sourceTree = SDKROOT; };
		63CA754B119661D20010C802 /* paths_osx.xcconfig */ = {isa = PBXFileReference; fileEncoding = 4; lastKnownFileType = text.xcconfig; name = paths_osx.xcconfig; path = ../../xcode/paths_osx.xcconfig; sourceTree = SOURCE_ROOT; };
		63CA75B81196641D0010C802 /* ttw2bin_prefix.pch */ = {isa = PBXFileReference; fileEncoding = 4; lastKnownFileType = sourcecode.c.h; path = ttw2bin_prefix.pch; sourceTree = "<group>"; };
		63CA75D7119666690010C802 /* OpenGL.framework */ = {isa = PBXFileReference; lastKnownFileType = wrapper.framework; name = OpenGL.framework; path = System/Library/Frameworks/OpenGL.framework; sourceTree = SDKROOT; };
		8DD76F6C0486A84900D96B5E /* ttw2bin32 */ = {isa = PBXFileReference; explicitFileType = "compiled.mach-o.executable"; includeInIndex = 0; path = ttw2bin32; sourceTree = BUILT_PRODUCTS_DIR; };
		E498F25B1EEBCDF300FF0564 /* totemBlock.cpp */ = {isa = PBXFileReference; fileEncoding = 4; lastKnownFileType = sourcecode.cpp.cpp; name = totemBlock.cpp; path = ../../../../hackdirt.smashed/src/gameClasses/totemBlock.cpp; sourceTree = "<group>"; };
		E498F25C1EEBCDF300FF0564 /* totemBlock.h */ = {isa = PBXFileReference; fileEncoding = 4; lastKnownFileType = sourcecode.c.h; name = totemBlock.h; path = ../../../../hackdirt.smashed/src/gameClasses/totemBlock.h; sourceTree = "<group>"; };
		E498F25D1EEBCDF300FF0564 /* totemConstants.h */ = {isa = PBXFileReference; fileEncoding = 4; lastKnownFileType = sourcecode.c.h; name = totemConstants.h; path = ../../../../hackdirt.smashed/src/gameClasses/totemConstants.h; sourceTree = "<group>"; };
		E498F25E1EEBCDF300FF0564 /* totemContactManager.cpp */ = {isa = PBXFileReference; fileEncoding = 4; lastKnownFileType = sourcecode.cpp.cpp; name = totemContactManager.cpp; path = ../../../../hackdirt.smashed/src/gameClasses/totemContactManager.cpp; sourceTree = "<group>"; };
		E498F25F1EEBCDF300FF0564 /* totemContactManager.h */ = {isa = PBXFileReference; fileEncoding = 4; lastKnownFileType = sourcecode.c.h; name = totemContactManager.h; path = ../../../../hackdirt.smashed/src/gameClasses/totemContactManager.h; sourceTree = "<group>"; };
		E498F2601EEBCDF300FF0564 /* totemEnums.h */ = {isa = PBXFileReference; fileEncoding = 4; lastKnownFileType = sourcecode.c.h; name = totemEnums.h; path = ../../../../hackdirt.smashed/src/gameClasses/totemEnums.h; sourceTree = "<group>"; };
		E498F2611EEBCDF300FF0564 /* totemEvent.cpp */ = {isa = PBXFileReference; fileEncoding = 4; lastKnownFileType = sourcecode.cpp.cpp; name = totemEvent.cpp; path = ../../../../hackdirt.smashed/src/gameClasses/totemEvent.cpp; sourceTree = "<group>"; };
		E498F2621EEBCDF300FF0564 /* totemEvent.h */ = {isa = PBXFileReference; fileEncoding = 4; lastKnownFileType = sourcecode.c.h; name = totemEvent.h; path = ../../../../hackdirt.smashed/src/gameClasses/totemEvent.h; sourceTree = "<group>"; };
		E498F2631EEBCDF300FF0564 /* totemFloorInfo.cpp */ = {isa = PBXFileReference; fileEncoding = 4; lastKnownFileType = sourcecode.cpp.cpp; name = totemFloorInfo.cpp; path = ../../../../hackdirt.smashed/src/gameClasses/totemFloorInfo.cpp; sourceTree = "<group>"; };
		E498F2641EEBCDF300FF0564 /* totemFloorInfo.h */ = {isa = PBXFileReference; fileEncoding = 4; lastKnownFileType = sourcecode.c.h; name = totemFloorInfo.h; path = ../../../../hackdirt.smashed/src/gameClasses/totemFloorInfo.h; sourceTree = "<group>"; };
		E498F2651EEBCDF300FF0564 /* totemGame.h */ = {isa = PBXFileReference; fileEncoding = 4; lastKnownFileType = sourcecode.c.h; name = totemGame.h; path = ../../../../hackdirt.smashed/src/gameClasses/totemGame.h; sourceTree = "<group>"; };
		E498F2661EEBCDF300FF0564 /* totemGameObject.h */ = {isa = PBXFileReference; fileEncoding = 4; lastKnownFileType = sourcecode.c.h; name = totemGameObject.h; path = ../../../../hackdirt.smashed/src/gameClasses/totemGameObject.h; sourceTree = "<group>"; };
		E498F2671EEBCDF300FF0564 /* totemJack.cpp */ = {isa = PBXFileReference; fileEncoding = 4; lastKnownFileType = sourcecode.cpp.cpp; name = totemJack.cpp; path = ../../../../hackdirt.smashed/src/gameClasses/totemJack.cpp; sourceTree = "<group>"; };
		E498F2681EEBCDF300FF0564 /* totemJack.h */ = {isa = PBXFileReference; fileEncoding = 4; lastKnownFileType = sourcecode.c.h; name = totemJack.h; path = ../../../../hackdirt.smashed/src/gameClasses/totemJack.h; sourceTree = "<group>"; };
		E498F2691EEBCDF300FF0564 /* totemJoint.cpp */ = {isa = PBXFileReference; fileEncoding = 4; lastKnownFileType = sourcecode.cpp.cpp; name = totemJoint.cpp; path = ../../../../hackdirt.smashed/src/gameClasses/totemJoint.cpp; sourceTree = "<group>"; };
		E498F26A1EEBCDF300FF0564 /* totemJoint.h */ = {isa = PBXFileReference; fileEncoding = 4; lastKnownFileType = sourcecode.c.h; name = totemJoint.h; path = ../../../../hackdirt.smashed/src/gameClasses/totemJoint.h; sourceTree = "<group>"; };
		E498F26B1EEBCDF300FF0564 /* totemLayer.cpp */ = {isa = PBXFileReference; fileEncoding = 4; lastKnownFileType = sourcecode.cpp.cpp; name = totemLayer.cpp; path = ../../../../hackdirt.smashed/src/gameClasses/totemLayer.cpp; sourceTree = "<group>"; };
		E498F26C1EEBCDF300FF0564 /* totemLayer.h */ = {isa = PBXFileReference; fileEncoding = 4; lastKnownFileType = sourcecode.c.h; name = totemLayer.h; path = ../../../../hackdirt.smashed/src/gameClasses/totemLayer.h; sourceTree = "<group>"; };
		E498F26D1EEBCDF300FF0564 /* totemLevel.cpp */ = {isa = PBXFileReference; fileEncoding = 4; lastKnownFileType = sourcecode.cpp.cpp; name = totemLevel.cpp; path = ../../../../hackdirt.smashed/src/gameClasses/totemLevel.cpp; sourceTree = "<group>"; };
		E498F26E1EEBCDF300FF0564 /* totemLevel.h */ = {isa = PBXFileReference; fileEncoding = 4; lastKnownFileType = sourcecode.c.h; name = totemLevel.h; path = ../../../../hackdirt.smashed/src/gameClasses/totemLevel.h; sourceTree = "<group>"; };
		E498F2711EEBCDF300FF0564 /* totemPolygon.cpp */ = {isa = PBXFileReference; fileEncoding = 4; lastKnownFileType = sourcecode.cpp.cpp; name = totemPolygon.cpp; path = ../../../../hackdirt.smashed/src/gameClasses/totemPolygon.cpp; sourceTree = "<group>"; };
		E498F2721EEBCDF300FF0564 /* totemPolygon.h */ = {isa = PBXFileReference; fileEncoding = 4; lastKnownFileType = sourcecode.c.h; name = totemPolygon.h; path = ../../../../hackdirt.smashed/src/gameClasses/totemPolygon.h; sourceTree = "<group>"; };
		E498F2731EEBCDF300FF0564 /* totemScripting.cpp */ = {isa = PBXFileReference; fileEncoding = 4; lastKnownFileType = sourcecode.cpp.cpp; name = totemScripting.cpp; path = ../../../../hackdirt.smashed/src/gameClasses/totemScripting.cpp; sourceTree = "<group>"; };
		E498F2741EEBCDF300FF0564 /* totemScripting.h */ = {isa = PBXFileReference; fileEncoding = 4; lastKnownFileType = sourcecode.c.h; name = totemScripting.h; path = ../../../../hackdirt.smashed/src/gameClasses/totemScripting.h; sourceTree = "<group>"; };
		E498F2751EEBCDF300FF0564 /* totemUtils.cpp */ = {isa = PBXFileReference; fileEncoding = 4; lastKnownFileType = sourcecode.cpp.cpp; name = totemUtils.cpp; path = ../../../../hackdirt.smashed/src/gameClasses/totemUtils.cpp; sourceTree = "<group>"; };
		E498F2761EEBCDF300FF0564 /* totemUtils.h */ = {isa = PBXFileReference; fileEncoding = 4; lastKnownFileType = sourcecode.c.h; name = totemUtils.h; path = ../../../../hackdirt.smashed/src/gameClasses/totemUtils.h; sourceTree = "<group>"; };
		E498F2771EEBCDF300FF0564 /* totemWorld.cpp */ = {isa = PBXFileReference; fileEncoding = 4; lastKnownFileType = sourcecode.cpp.cpp; name = totemWorld.cpp; path = ../../../../hackdirt.smashed/src/gameClasses/totemWorld.cpp; sourceTree = "<group>"; };
		E498F2781EEBCDF300FF0564 /* totemWorld.h */ = {isa = PBXFileReference; fileEncoding = 4; lastKnownFileType = sourcecode.c.h; name = totemWorld.h; path = ../../../../hackdirt.smashed/src/gameClasses/totemWorld.h; sourceTree = "<group>"; };
		E498F2791EEBCDF300FF0564 /* totemWorldManager.cpp */ = {isa = PBXFileReference; fileEncoding = 4; lastKnownFileType = sourcecode.cpp.cpp; name = totemWorldManager.cpp; path = ../../../../hackdirt.smashed/src/gameClasses/totemWorldManager.cpp; sourceTree = "<group>"; };
		E498F27A1EEBCDF300FF0564 /* totemWorldManager.h */ = {isa = PBXFileReference; fileEncoding = 4; lastKnownFileType = sourcecode.c.h; name = totemWorldManager.h; path = ../../../../hackdirt.smashed/src/gameClasses/totemWorldManager.h; sourceTree = "<group>"; };
		E498F2A51EECE8D400FF0564 /* ttw2bin64 */ = {isa = PBXFileReference; explicitFileType = "compiled.mach-o.executable"; includeInIndex = 0; path = ttw2bin64; sourceTree = BUILT_PRODUCTS_DIR; };
		E498F2D81EECF83300FF0564 /* hdkOSXmin.xcodeproj */ = {isa = PBXFileReference; lastKnownFileType = "wrapper.pb-project"; name = hdkOSXmin.xcodeproj; path = ../../xcode/hdk/hdkOSXmin.xcodeproj; sourceTree = "<group>"; };
		E498F8A21EED059800FF0564 /* libz.tbd */ = {isa = PBXFileReference; lastKnownFileType = "sourcecode.text-based-dylib-definition"; name = libz.tbd; path = usr/lib/libz.tbd; sourceTree = SDKROOT; };
/* End PBXFileReference section */

/* Begin PBXFrameworksBuildPhase section */
		8DD76F660486A84900D96B5E /* Frameworks */ = {
			isa = PBXFrameworksBuildPhase;
			buildActionMask = 2147483647;
			files = (
				E498F5D81EECFF3800FF0564 /* libhdkOSXmin_32.a in Frameworks */,
				63B4BCB1107537F300A0A288 /* Foundation.framework in Frameworks */,
				63CA75D8119666690010C802 /* OpenGL.framework in Frameworks */,
			);
			runOnlyForDeploymentPostprocessing = 0;
		};
		E498F29D1EECE8D400FF0564 /* Frameworks */ = {
			isa = PBXFrameworksBuildPhase;
			buildActionMask = 2147483647;
			files = (
				E498F8A31EED059800FF0564 /* libz.tbd in Frameworks */,
				E498F5D71EECFF3400FF0564 /* libhdkOSXmin_64.a in Frameworks */,
				E498F29F1EECE8D400FF0564 /* Foundation.framework in Frameworks */,
				E498F2A01EECE8D400FF0564 /* OpenGL.framework in Frameworks */,
			);
			runOnlyForDeploymentPostprocessing = 0;
		};
/* End PBXFrameworksBuildPhase section */

/* Begin PBXGroup section */
		08FB7794FE84155DC02AAC07 /* PakMaker */ = {
			isa = PBXGroup;
			children = (
				63CA754A119661D20010C802 /* Config */,
				63B4BCAF107537E100A0A288 /* Frameworks */,
				63B4BC88107536A700A0A288 /* Libraries */,
				08FB7795FE84155DC02AAC07 /* Source */,
				1AB674ADFE9D54B511CA2CBB /* Products */,
			);
			name = PakMaker;
			sourceTree = "<group>";
		};
		08FB7795FE84155DC02AAC07 /* Source */ = {
			isa = PBXGroup;
			children = (
				63CA75B81196641D0010C802 /* ttw2bin_prefix.pch */,
				08FB7796FE84155DC02AAC07 /* main.cpp */,
			);
			name = Source;
			sourceTree = "<group>";
		};
		1AB674ADFE9D54B511CA2CBB /* Products */ = {
			isa = PBXGroup;
			children = (
				8DD76F6C0486A84900D96B5E /* ttw2bin32 */,
				E498F2A51EECE8D400FF0564 /* ttw2bin64 */,
			);
			name = Products;
			sourceTree = "<group>";
		};
		63B4BC88107536A700A0A288 /* Libraries */ = {
			isa = PBXGroup;
			children = (
				63CA751E1196618A0010C802 /* Totem */,
			);
			name = Libraries;
			sourceTree = "<group>";
		};
		63B4BCAF107537E100A0A288 /* Frameworks */ = {
			isa = PBXGroup;
			children = (
				E498F8A21EED059800FF0564 /* libz.tbd */,
				E498F2D81EECF83300FF0564 /* hdkOSXmin.xcodeproj */,
				63B4BCB0107537F300A0A288 /* Foundation.framework */,
				63CA75D7119666690010C802 /* OpenGL.framework */,
			);
			name = Frameworks;
			sourceTree = "<group>";
		};
		63CA751E1196618A0010C802 /* Totem */ = {
			isa = PBXGroup;
			children = (
				E498F25B1EEBCDF300FF0564 /* totemBlock.cpp */,
				E498F25C1EEBCDF300FF0564 /* totemBlock.h */,
				E498F25D1EEBCDF300FF0564 /* totemConstants.h */,
				E498F25E1EEBCDF300FF0564 /* totemContactManager.cpp */,
				E498F25F1EEBCDF300FF0564 /* totemContactManager.h */,
				E498F2601EEBCDF300FF0564 /* totemEnums.h */,
				E498F2611EEBCDF300FF0564 /* totemEvent.cpp */,
				E498F2621EEBCDF300FF0564 /* totemEvent.h */,
				E498F2631EEBCDF300FF0564 /* totemFloorInfo.cpp */,
				E498F2641EEBCDF300FF0564 /* totemFloorInfo.h */,
				E498F2651EEBCDF300FF0564 /* totemGame.h */,
				E498F2661EEBCDF300FF0564 /* totemGameObject.h */,
				E498F2671EEBCDF300FF0564 /* totemJack.cpp */,
				E498F2681EEBCDF300FF0564 /* totemJack.h */,
				E498F2691EEBCDF300FF0564 /* totemJoint.cpp */,
				E498F26A1EEBCDF300FF0564 /* totemJoint.h */,
				E498F26B1EEBCDF300FF0564 /* totemLayer.cpp */,
				E498F26C1EEBCDF300FF0564 /* totemLayer.h */,
				E498F26D1EEBCDF300FF0564 /* totemLevel.cpp */,
				E498F26E1EEBCDF300FF0564 /* totemLevel.h */,
				E498F2711EEBCDF300FF0564 /* totemPolygon.cpp */,
				E498F2721EEBCDF300FF0564 /* totemPolygon.h */,
				E498F2731EEBCDF300FF0564 /* totemScripting.cpp */,
				E498F2741EEBCDF300FF0564 /* totemScripting.h */,
				E498F2751EEBCDF300FF0564 /* totemUtils.cpp */,
				E498F2761EEBCDF300FF0564 /* totemUtils.h */,
				E498F2771EEBCDF300FF0564 /* totemWorld.cpp */,
				E498F2781EEBCDF300FF0564 /* totemWorld.h */,
				E498F2791EEBCDF300FF0564 /* totemWorldManager.cpp */,
				E498F27A1EEBCDF300FF0564 /* totemWorldManager.h */,
			);
			name = Totem;
			sourceTree = "<group>";
		};
		63CA754A119661D20010C802 /* Config */ = {
			isa = PBXGroup;
			children = (
				63CA754B119661D20010C802 /* paths_osx.xcconfig */,
			);
			name = Config;
			sourceTree = "<group>";
		};
		E498F2D91EECF83300FF0564 /* Products */ = {
			isa = PBXGroup;
			children = (
				E498F2DE1EECF83300FF0564 /* libhdkOSXmin_64.a */,
				E498F2E01EECF83300FF0564 /* libhdkOSXmin_32.a */,
			);
			name = Products;
			sourceTree = "<group>";
		};
/* End PBXGroup section */

/* Begin PBXNativeTarget section */
		8DD76F620486A84900D96B5E /* ttw2bin32 */ = {
			isa = PBXNativeTarget;
			buildConfigurationList = 1DEB923108733DC60010E9CD /* Build configuration list for PBXNativeTarget "ttw2bin32" */;
			buildPhases = (
				8DD76F640486A84900D96B5E /* Sources */,
				8DD76F660486A84900D96B5E /* Frameworks */,
				E498F2891EEBD1AE00FF0564 /* ShellScript */,
			);
			buildRules = (
			);
			dependencies = (
				E498F5D61EECFF2B00FF0564 /* PBXTargetDependency */,
			);
			name = ttw2bin32;
			productInstallPath = "$(HOME)/bin";
			productName = PakMaker;
			productReference = 8DD76F6C0486A84900D96B5E /* ttw2bin32 */;
			productType = "com.apple.product-type.tool";
		};
		E498F28A1EECE8D400FF0564 /* ttw2bin64 */ = {
			isa = PBXNativeTarget;
			buildConfigurationList = E498F2A21EECE8D400FF0564 /* Build configuration list for PBXNativeTarget "ttw2bin64" */;
			buildPhases = (
				E498F28D1EECE8D400FF0564 /* Sources */,
				E498F29D1EECE8D400FF0564 /* Frameworks */,
				E498F2A11EECE8D400FF0564 /* ShellScript */,
			);
			buildRules = (
			);
			dependencies = (
				E498F5D41EECFF2200FF0564 /* PBXTargetDependency */,
			);
			name = ttw2bin64;
			productInstallPath = "$(HOME)/bin";
			productName = PakMaker;
			productReference = E498F2A51EECE8D400FF0564 /* ttw2bin64 */;
			productType = "com.apple.product-type.tool";
		};
/* End PBXNativeTarget section */

/* Begin PBXProject section */
		08FB7793FE84155DC02AAC07 /* Project object */ = {
			isa = PBXProject;
			attributes = {
				LastUpgradeCheck = 0830;
			};
			buildConfigurationList = 1DEB923508733DC60010E9CD /* Build configuration list for PBXProject "ttw2bin" */;
			compatibilityVersion = "Xcode 3.2";
			developmentRegion = English;
			hasScannedForEncodings = 1;
			knownRegions = (
				English,
				Japanese,
				French,
				German,
			);
			mainGroup = 08FB7794FE84155DC02AAC07 /* PakMaker */;
			projectDirPath = "";
			projectReferences = (
				{
					ProductGroup = E498F2D91EECF83300FF0564 /* Products */;
					ProjectRef = E498F2D81EECF83300FF0564 /* hdkOSXmin.xcodeproj */;
				},
			);
			projectRoot = "";
			targets = (
				8DD76F620486A84900D96B5E /* ttw2bin32 */,
				E498F28A1EECE8D400FF0564 /* ttw2bin64 */,
			);
		};
/* End PBXProject section */

/* Begin PBXReferenceProxy section */
		E498F2DE1EECF83300FF0564 /* libhdkOSXmin_64.a */ = {
			isa = PBXReferenceProxy;
			fileType = archive.ar;
			path = libhdkOSXmin_64.a;
			remoteRef = E498F2DD1EECF83300FF0564 /* PBXContainerItemProxy */;
			sourceTree = BUILT_PRODUCTS_DIR;
		};
		E498F2E01EECF83300FF0564 /* libhdkOSXmin_32.a */ = {
			isa = PBXReferenceProxy;
			fileType = archive.ar;
			path = libhdkOSXmin_32.a;
			remoteRef = E498F2DF1EECF83300FF0564 /* PBXContainerItemProxy */;
			sourceTree = BUILT_PRODUCTS_DIR;
		};
/* End PBXReferenceProxy section */

/* Begin PBXShellScriptBuildPhase section */
		E498F2891EEBD1AE00FF0564 /* ShellScript */ = {
			isa = PBXShellScriptBuildPhase;
			buildActionMask = 2147483647;
			files = (
			);
			inputPaths = (
			);
			outputPaths = (
			);
			runOnlyForDeploymentPostprocessing = 0;
			shellPath = /bin/sh;
			shellScript = "cp ${BUILT_PRODUCTS_DIR}/ttw2bin32 ${PROJECT_DIR}/ttw2bin32";
		};
		E498F2A11EECE8D400FF0564 /* ShellScript */ = {
			isa = PBXShellScriptBuildPhase;
			buildActionMask = 2147483647;
			files = (
			);
			inputPaths = (
			);
			outputPaths = (
			);
			runOnlyForDeploymentPostprocessing = 0;
			shellPath = /bin/sh;
			shellScript = "cp ${BUILT_PRODUCTS_DIR}/ttw2bin64 ${PROJECT_DIR}/ttw2bin64";
		};
/* End PBXShellScriptBuildPhase section */

/* Begin PBXSourcesBuildPhase section */
		8DD76F640486A84900D96B5E /* Sources */ = {
			isa = PBXSourcesBuildPhase;
			buildActionMask = 2147483647;
			files = (
				E498F2861EEBCDF300FF0564 /* totemUtils.cpp in Sources */,
				8DD76F650486A84900D96B5E /* main.cpp in Sources */,
				E498F27B1EEBCDF300FF0564 /* totemBlock.cpp in Sources */,
				E498F27E1EEBCDF300FF0564 /* totemFloorInfo.cpp in Sources */,
				E498F2851EEBCDF300FF0564 /* totemScripting.cpp in Sources */,
				E498F27D1EEBCDF300FF0564 /* totemEvent.cpp in Sources */,
				E498F2881EEBCDF300FF0564 /* totemWorldManager.cpp in Sources */,
				E498F2801EEBCDF300FF0564 /* totemJoint.cpp in Sources */,
				E498F2871EEBCDF300FF0564 /* totemWorld.cpp in Sources */,
				E498F2811EEBCDF300FF0564 /* totemLayer.cpp in Sources */,
				E498F2821EEBCDF300FF0564 /* totemLevel.cpp in Sources */,
				E498F27F1EEBCDF300FF0564 /* totemJack.cpp in Sources */,
				E498F27C1EEBCDF300FF0564 /* totemContactManager.cpp in Sources */,
				E498F2841EEBCDF300FF0564 /* totemPolygon.cpp in Sources */,
			);
			runOnlyForDeploymentPostprocessing = 0;
		};
		E498F28D1EECE8D400FF0564 /* Sources */ = {
			isa = PBXSourcesBuildPhase;
			buildActionMask = 2147483647;
			files = (
				E498F28E1EECE8D400FF0564 /* totemUtils.cpp in Sources */,
				E498F28F1EECE8D400FF0564 /* main.cpp in Sources */,
				E498F2901EECE8D400FF0564 /* totemBlock.cpp in Sources */,
				E498F2911EECE8D400FF0564 /* totemFloorInfo.cpp in Sources */,
				E498F2921EECE8D400FF0564 /* totemScripting.cpp in Sources */,
				E498F2931EECE8D400FF0564 /* totemEvent.cpp in Sources */,
				E498F2941EECE8D400FF0564 /* totemWorldManager.cpp in Sources */,
				E498F2961EECE8D400FF0564 /* totemJoint.cpp in Sources */,
				E498F2971EECE8D400FF0564 /* totemWorld.cpp in Sources */,
				E498F2981EECE8D400FF0564 /* totemLayer.cpp in Sources */,
				E498F2991EECE8D400FF0564 /* totemLevel.cpp in Sources */,
				E498F29A1EECE8D400FF0564 /* totemJack.cpp in Sources */,
				E498F29B1EECE8D400FF0564 /* totemContactManager.cpp in Sources */,
				E498F29C1EECE8D400FF0564 /* totemPolygon.cpp in Sources */,
			);
			runOnlyForDeploymentPostprocessing = 0;
		};
/* End PBXSourcesBuildPhase section */

/* Begin PBXTargetDependency section */
		E498F5D41EECFF2200FF0564 /* PBXTargetDependency */ = {
			isa = PBXTargetDependency;
			name = hdkOSXmin_64;
			targetProxy = E498F5D31EECFF2200FF0564 /* PBXContainerItemProxy */;
		};
		E498F5D61EECFF2B00FF0564 /* PBXTargetDependency */ = {
			isa = PBXTargetDependency;
			name = hdkOSXmin_32;
			targetProxy = E498F5D51EECFF2B00FF0564 /* PBXContainerItemProxy */;
		};
/* End PBXTargetDependency section */

/* Begin XCBuildConfiguration section */
		1DEB923208733DC60010E9CD /* Debug */ = {
			isa = XCBuildConfiguration;
			baseConfigurationReference = 63CA754B119661D20010C802 /* paths_osx.xcconfig */;
			buildSettings = {
				ALWAYS_SEARCH_USER_PATHS = NO;
				COPY_PHASE_STRIP = NO;
				GCC_DYNAMIC_NO_PIC = NO;
				GCC_ENABLE_FIX_AND_CONTINUE = YES;
				GCC_MODEL_TUNING = G5;
				GCC_OPTIMIZATION_LEVEL = s;
				GCC_PRECOMPILE_PREFIX_HEADER = YES;
				GCC_PREFIX_HEADER = ttw2bin_prefix.pch;
				GCC_PREPROCESSOR_DEFINITIONS = (
					"DEBUG=1",
					"LEVEL_EDITOR=1",
				);
				GCC_PREPROCESSOR_DEFINITIONS_NOT_USED_IN_PRECOMPS = "";
				GENERATE_PKGINFO_FILE = YES;
				HEADER_SEARCH_PATHS = "$(inherited)";
				INSTALL_PATH = /usr/local/bin;
				LIBRARY_SEARCH_PATHS = (
					"$(inherited)",
					"\"$(SDKROOT)/usr/X11/lib\"",
				);
				OTHER_LDFLAGS = "$(inherited)";
				PRODUCT_NAME = ttw2bin32;
				SCAN_ALL_SOURCE_FILES_FOR_INCLUDES = YES;
			};
			name = Debug;
		};
		1DEB923308733DC60010E9CD /* Release */ = {
			isa = XCBuildConfiguration;
			baseConfigurationReference = 63CA754B119661D20010C802 /* paths_osx.xcconfig */;
			buildSettings = {
				ALWAYS_SEARCH_USER_PATHS = NO;
				GCC_DYNAMIC_NO_PIC = NO;
				GCC_MODEL_TUNING = G5;
				GCC_OPTIMIZATION_LEVEL = s;
				GCC_PRECOMPILE_PREFIX_HEADER = YES;
				GCC_PREFIX_HEADER = ttw2bin_prefix.pch;
				GENERATE_PKGINFO_FILE = YES;
				HEADER_SEARCH_PATHS = "$(inherited)";
				INSTALL_PATH = /usr/local/bin;
				LIBRARY_SEARCH_PATHS = (
					"$(inherited)",
					"\"$(SDKROOT)/usr/X11/lib\"",
				);
				OTHER_LDFLAGS = "$(inherited)";
				PRODUCT_NAME = ttw2bin32;
				SCAN_ALL_SOURCE_FILES_FOR_INCLUDES = YES;
			};
			name = Release;
		};
		1DEB923608733DC60010E9CD /* Debug */ = {
			isa = XCBuildConfiguration;
			baseConfigurationReference = 63CA754B119661D20010C802 /* paths_osx.xcconfig */;
			buildSettings = {
				CLANG_ANALYZER_LOCALIZABILITY_NONLOCALIZED = YES;
				CLANG_WARN_BOOL_CONVERSION = YES;
				CLANG_WARN_CONSTANT_CONVERSION = YES;
				CLANG_WARN_EMPTY_BODY = YES;
				CLANG_WARN_ENUM_CONVERSION = YES;
				CLANG_WARN_INFINITE_RECURSION = YES;
				CLANG_WARN_INT_CONVERSION = YES;
				CLANG_WARN_SUSPICIOUS_MOVE = YES;
				CLANG_WARN_UNREACHABLE_CODE = YES;
				CLANG_WARN__DUPLICATE_METHOD_MATCH = YES;
				ENABLE_STRICT_OBJC_MSGSEND = YES;
				ENABLE_TESTABILITY = YES;
				GCC_C_LANGUAGE_STANDARD = c99;
				GCC_NO_COMMON_BLOCKS = YES;
				GCC_OPTIMIZATION_LEVEL = 0;
				GCC_WARN_64_TO_32_BIT_CONVERSION = YES;
				GCC_WARN_ABOUT_RETURN_TYPE = YES;
				GCC_WARN_UNDECLARED_SELECTOR = YES;
				GCC_WARN_UNINITIALIZED_AUTOS = YES;
				GCC_WARN_UNUSED_FUNCTION = YES;
				GCC_WARN_UNUSED_VARIABLE = YES;
				ONLY_ACTIVE_ARCH = YES;
				PREBINDING = NO;
				SDKROOT = macosx;
			};
			name = Debug;
		};
		1DEB923708733DC60010E9CD /* Release */ = {
			isa = XCBuildConfiguration;
			baseConfigurationReference = 63CA754B119661D20010C802 /* paths_osx.xcconfig */;
			buildSettings = {
				CLANG_ANALYZER_LOCALIZABILITY_NONLOCALIZED = YES;
				CLANG_WARN_BOOL_CONVERSION = YES;
				CLANG_WARN_CONSTANT_CONVERSION = YES;
				CLANG_WARN_EMPTY_BODY = YES;
				CLANG_WARN_ENUM_CONVERSION = YES;
				CLANG_WARN_INFINITE_RECURSION = YES;
				CLANG_WARN_INT_CONVERSION = YES;
				CLANG_WARN_SUSPICIOUS_MOVE = YES;
				CLANG_WARN_UNREACHABLE_CODE = YES;
				CLANG_WARN__DUPLICATE_METHOD_MATCH = YES;
				ENABLE_STRICT_OBJC_MSGSEND = YES;
				GCC_C_LANGUAGE_STANDARD = c99;
				GCC_NO_COMMON_BLOCKS = YES;
				GCC_WARN_64_TO_32_BIT_CONVERSION = YES;
				GCC_WARN_ABOUT_RETURN_TYPE = YES;
				GCC_WARN_UNDECLARED_SELECTOR = YES;
				GCC_WARN_UNINITIALIZED_AUTOS = YES;
				GCC_WARN_UNUSED_FUNCTION = YES;
				GCC_WARN_UNUSED_VARIABLE = YES;
				PREBINDING = NO;
				SDKROOT = macosx;
			};
			name = Release;
		};
		E498F2A31EECE8D400FF0564 /* Debug */ = {
			isa = XCBuildConfiguration;
			baseConfigurationReference = 63CA754B119661D20010C802 /* paths_osx.xcconfig */;
			buildSettings = {
				ALWAYS_SEARCH_USER_PATHS = NO;
				COPY_PHASE_STRIP = NO;
				GCC_DYNAMIC_NO_PIC = NO;
				GCC_ENABLE_FIX_AND_CONTINUE = YES;
				GCC_MODEL_TUNING = G5;
				GCC_OPTIMIZATION_LEVEL = s;
				GCC_PRECOMPILE_PREFIX_HEADER = YES;
				GCC_PREFIX_HEADER = ttw2bin_prefix.pch;
				GCC_PREPROCESSOR_DEFINITIONS = (
					"DEBUG=1",
					"LEVEL_EDITOR=1",
				);
				GCC_PREPROCESSOR_DEFINITIONS_NOT_USED_IN_PRECOMPS = "";
				GENERATE_PKGINFO_FILE = YES;
				INSTALL_PATH = /usr/local/bin;
				OTHER_LDFLAGS = "$(inherited)";
				PRODUCT_NAME = "$(TARGET_NAME)";
				SCAN_ALL_SOURCE_FILES_FOR_INCLUDES = YES;
			};
			name = Debug;
		};
		E498F2A41EECE8D400FF0564 /* Release */ = {
			isa = XCBuildConfiguration;
			baseConfigurationReference = 63CA754B119661D20010C802 /* paths_osx.xcconfig */;
			buildSettings = {
				ALWAYS_SEARCH_USER_PATHS = NO;
				GCC_DYNAMIC_NO_PIC = NO;
				GCC_MODEL_TUNING = G5;
				GCC_OPTIMIZATION_LEVEL = s;
				GCC_PRECOMPILE_PREFIX_HEADER = YES;
				GCC_PREFIX_HEADER = ttw2bin_prefix.pch;
				GENERATE_PKGINFO_FILE = YES;
				INSTALL_PATH = /usr/local/bin;
				OTHER_LDFLAGS = "$(inherited)";
				PRODUCT_NAME = "$(TARGET_NAME)";
				SCAN_ALL_SOURCE_FILES_FOR_INCLUDES = YES;
			};
			name = Release;
		};
/* End XCBuildConfiguration section */

/* Begin XCConfigurationList section */
		1DEB923108733DC60010E9CD /* Build configuration list for PBXNativeTarget "ttw2bin32" */ = {
			isa = XCConfigurationList;
			buildConfigurations = (
				1DEB923208733DC60010E9CD /* Debug */,
				1DEB923308733DC60010E9CD /* Release */,
			);
			defaultConfigurationIsVisible = 0;
			defaultConfigurationName = Release;
		};
		1DEB923508733DC60010E9CD /* Build configuration list for PBXProject "ttw2bin" */ = {
			isa = XCConfigurationList;
			buildConfigurations = (
				1DEB923608733DC60010E9CD /* Debug */,
				1DEB923708733DC60010E9CD /* Release */,
			);
			defaultConfigurationIsVisible = 0;
			defaultConfigurationName = Release;
		};
		E498F2A21EECE8D400FF0564 /* Build configuration list for PBXNativeTarget "ttw2bin64" */ = {
			isa = XCConfigurationList;
			buildConfigurations = (
				E498F2A31EECE8D400FF0564 /* Debug */,
				E498F2A41EECE8D400FF0564 /* Release */,
			);
			defaultConfigurationIsVisible = 0;
			defaultConfigurationName = Release;
		};
/* End XCConfigurationList section */
	};
	rootObject = 08FB7793FE84155DC02AAC07 /* Project object */;
}
