// !$*UTF8*$!
{
	archiveVersion = 1;
	classes = {
	};
	objectVersion = 45;
	objects = {

/* Begin PBXBuildFile section */
		63B4BCB1107537F300A0A288 /* Foundation.framework in Frameworks */ = {isa = PBXBuildFile; fileRef = 63B4BCB0107537F300A0A288 /* Foundation.framework */; };
		63B4BFE21075592900A0A288 /* libz.1.2.3.dylib in Frameworks */ = {isa = PBXBuildFile; fileRef = 63B4BFE11075592900A0A288 /* libz.1.2.3.dylib */; };
		63CA74FF119660220010C802 /* libhdkOSXmin_32.a in Frameworks */ = {isa = PBXBuildFile; fileRef = 63CA74FE119660110010C802 /* libhdkOSXmin_32.a */; };
		63CA753D1196618A0010C802 /* totemWorldManager.cpp in Sources */ = {isa = PBXBuildFile; fileRef = 63CA75201196618A0010C802 /* totemWorldManager.cpp */; };
		63CA753E1196618A0010C802 /* totemEvent.cpp in Sources */ = {isa = PBXBuildFile; fileRef = 63CA75211196618A0010C802 /* totemEvent.cpp */; };
		63CA753F1196618A0010C802 /* totemBlock.cpp in Sources */ = {isa = PBXBuildFile; fileRef = 63CA75231196618A0010C802 /* totemBlock.cpp */; };
		63CA75401196618A0010C802 /* totemItem.cpp in Sources */ = {isa = PBXBuildFile; fileRef = 63CA75291196618A0010C802 /* totemItem.cpp */; };
		63CA75411196618A0010C802 /* totemJack.cpp in Sources */ = {isa = PBXBuildFile; fileRef = 63CA752B1196618A0010C802 /* totemJack.cpp */; };
		63CA75421196618A0010C802 /* totemJoint.cpp in Sources */ = {isa = PBXBuildFile; fileRef = 63CA752D1196618A0010C802 /* totemJoint.cpp */; };
		63CA75431196618A0010C802 /* totemLayer.cpp in Sources */ = {isa = PBXBuildFile; fileRef = 63CA752F1196618A0010C802 /* totemLayer.cpp */; };
		63CA75441196618A0010C802 /* totemLevel.cpp in Sources */ = {isa = PBXBuildFile; fileRef = 63CA75311196618A0010C802 /* totemLevel.cpp */; };
		63CA75451196618A0010C802 /* totemPolygon.cpp in Sources */ = {isa = PBXBuildFile; fileRef = 63CA75331196618A0010C802 /* totemPolygon.cpp */; };
		63CA75461196618A0010C802 /* totemUtils.cpp in Sources */ = {isa = PBXBuildFile; fileRef = 63CA75351196618A0010C802 /* totemUtils.cpp */; };
		63CA75471196618A0010C802 /* totemWorld.cpp in Sources */ = {isa = PBXBuildFile; fileRef = 63CA75371196618A0010C802 /* totemWorld.cpp */; };
		63CA75481196618A0010C802 /* totemContactManager.cpp in Sources */ = {isa = PBXBuildFile; fileRef = 63CA753A1196618A0010C802 /* totemContactManager.cpp */; };
		63CA75491196618A0010C802 /* totemFloorInfo.cpp in Sources */ = {isa = PBXBuildFile; fileRef = 63CA753C1196618A0010C802 /* totemFloorInfo.cpp */; };
		63CA75D8119666690010C802 /* OpenGL.framework in Frameworks */ = {isa = PBXBuildFile; fileRef = 63CA75D7119666690010C802 /* OpenGL.framework */; };
		63CA767A1196672C0010C802 /* libpng12.0.dylib in Frameworks */ = {isa = PBXBuildFile; fileRef = 63CA76791196672C0010C802 /* libpng12.0.dylib */; };
		8DD76F650486A84900D96B5E /* main.cpp in Sources */ = {isa = PBXBuildFile; fileRef = 08FB7796FE84155DC02AAC07 /* main.cpp */; settings = {ATTRIBUTES = (); }; };
/* End PBXBuildFile section */

/* Begin PBXContainerItemProxy section */
		63CA74FB119660110010C802 /* PBXContainerItemProxy */ = {
			isa = PBXContainerItemProxy;
			containerPortal = 63CA74F6119660110010C802 /* hdkOSXmin.xcodeproj */;
			proxyType = 2;
			remoteGlobalIDString = 6362DA72118995A600184AE0;
			remoteInfo = hdkOSXmin_64;
		};
		63CA74FD119660110010C802 /* PBXContainerItemProxy */ = {
			isa = PBXContainerItemProxy;
			containerPortal = 63CA74F6119660110010C802 /* hdkOSXmin.xcodeproj */;
			proxyType = 2;
			remoteGlobalIDString = 63D6FBFD118BB0CA00D76242;
			remoteInfo = hdkOSXmin_32;
		};
/* End PBXContainerItemProxy section */

/* Begin PBXCopyFilesBuildPhase section */
		8DD76F690486A84900D96B5E /* CopyFiles */ = {
			isa = PBXCopyFilesBuildPhase;
			buildActionMask = 8;
			dstPath = /usr/share/man/man1/;
			dstSubfolderSpec = 0;
			files = (
			);
			runOnlyForDeploymentPostprocessing = 1;
		};
/* End PBXCopyFilesBuildPhase section */

/* Begin PBXFileReference section */
		08FB7796FE84155DC02AAC07 /* main.cpp */ = {isa = PBXFileReference; fileEncoding = 4; lastKnownFileType = sourcecode.cpp.cpp; path = main.cpp; sourceTree = "<group>"; };
		63B4BCB0107537F300A0A288 /* Foundation.framework */ = {isa = PBXFileReference; lastKnownFileType = wrapper.framework; name = Foundation.framework; path = System/Library/Frameworks/Foundation.framework; sourceTree = SDKROOT; };
		63B4BFE11075592900A0A288 /* libz.1.2.3.dylib */ = {isa = PBXFileReference; lastKnownFileType = "compiled.mach-o.dylib"; name = libz.1.2.3.dylib; path = usr/lib/libz.1.2.3.dylib; sourceTree = SDKROOT; };
		63CA74F6119660110010C802 /* hdkOSXmin.xcodeproj */ = {isa = PBXFileReference; lastKnownFileType = "wrapper.pb-project"; name = hdkOSXmin.xcodeproj; path = ../../xcode/hdk/hdkOSXmin.xcodeproj; sourceTree = SOURCE_ROOT; };
		63CA751F1196618A0010C802 /* totemWorldManager.h */ = {isa = PBXFileReference; fileEncoding = 4; lastKnownFileType = sourcecode.c.h; name = totemWorldManager.h; path = ../../../../../Projects/Hackdirt/TotemGames/src/gameClasses/totemWorldManager.h; sourceTree = SOURCE_ROOT; };
		63CA75201196618A0010C802 /* totemWorldManager.cpp */ = {isa = PBXFileReference; fileEncoding = 4; lastKnownFileType = sourcecode.cpp.cpp; name = totemWorldManager.cpp; path = ../../../../../Projects/Hackdirt/TotemGames/src/gameClasses/totemWorldManager.cpp; sourceTree = SOURCE_ROOT; };
		63CA75211196618A0010C802 /* totemEvent.cpp */ = {isa = PBXFileReference; fileEncoding = 4; lastKnownFileType = sourcecode.cpp.cpp; name = totemEvent.cpp; path = ../../../../../Projects/Hackdirt/TotemGames/src/gameClasses/totemEvent.cpp; sourceTree = SOURCE_ROOT; };
		63CA75221196618A0010C802 /* totemEvent.h */ = {isa = PBXFileReference; fileEncoding = 4; lastKnownFileType = sourcecode.c.h; name = totemEvent.h; path = ../../../../../Projects/Hackdirt/TotemGames/src/gameClasses/totemEvent.h; sourceTree = SOURCE_ROOT; };
		63CA75231196618A0010C802 /* totemBlock.cpp */ = {isa = PBXFileReference; fileEncoding = 4; lastKnownFileType = sourcecode.cpp.cpp; name = totemBlock.cpp; path = ../../../../../Projects/Hackdirt/TotemGames/src/gameClasses/totemBlock.cpp; sourceTree = SOURCE_ROOT; };
		63CA75241196618A0010C802 /* totemBlock.h */ = {isa = PBXFileReference; fileEncoding = 4; lastKnownFileType = sourcecode.c.h; name = totemBlock.h; path = ../../../../../Projects/Hackdirt/TotemGames/src/gameClasses/totemBlock.h; sourceTree = SOURCE_ROOT; };
		63CA75251196618A0010C802 /* totemConstants.h */ = {isa = PBXFileReference; fileEncoding = 4; lastKnownFileType = sourcecode.c.h; name = totemConstants.h; path = ../../../../../Projects/Hackdirt/TotemGames/src/gameClasses/totemConstants.h; sourceTree = SOURCE_ROOT; };
		63CA75261196618A0010C802 /* totemEnums.h */ = {isa = PBXFileReference; fileEncoding = 4; lastKnownFileType = sourcecode.c.h; name = totemEnums.h; path = ../../../../../Projects/Hackdirt/TotemGames/src/gameClasses/totemEnums.h; sourceTree = SOURCE_ROOT; };
		63CA75271196618A0010C802 /* totemGame.h */ = {isa = PBXFileReference; fileEncoding = 4; lastKnownFileType = sourcecode.c.h; name = totemGame.h; path = ../../../../../Projects/Hackdirt/TotemGames/src/gameClasses/totemGame.h; sourceTree = SOURCE_ROOT; };
		63CA75281196618A0010C802 /* totemGameObject.h */ = {isa = PBXFileReference; fileEncoding = 4; lastKnownFileType = sourcecode.c.h; name = totemGameObject.h; path = ../../../../../Projects/Hackdirt/TotemGames/src/gameClasses/totemGameObject.h; sourceTree = SOURCE_ROOT; };
		63CA75291196618A0010C802 /* totemItem.cpp */ = {isa = PBXFileReference; fileEncoding = 4; lastKnownFileType = sourcecode.cpp.cpp; name = totemItem.cpp; path = ../../../../../Projects/Hackdirt/TotemGames/src/gameClasses/totemItem.cpp; sourceTree = SOURCE_ROOT; };
		63CA752A1196618A0010C802 /* totemItem.h */ = {isa = PBXFileReference; fileEncoding = 4; lastKnownFileType = sourcecode.c.h; name = totemItem.h; path = ../../../../../Projects/Hackdirt/TotemGames/src/gameClasses/totemItem.h; sourceTree = SOURCE_ROOT; };
		63CA752B1196618A0010C802 /* totemJack.cpp */ = {isa = PBXFileReference; fileEncoding = 4; lastKnownFileType = sourcecode.cpp.cpp; name = totemJack.cpp; path = ../../../../../Projects/Hackdirt/TotemGames/src/gameClasses/totemJack.cpp; sourceTree = SOURCE_ROOT; };
		63CA752C1196618A0010C802 /* totemJack.h */ = {isa = PBXFileReference; fileEncoding = 4; lastKnownFileType = sourcecode.c.h; name = totemJack.h; path = ../../../../../Projects/Hackdirt/TotemGames/src/gameClasses/totemJack.h; sourceTree = SOURCE_ROOT; };
		63CA752D1196618A0010C802 /* totemJoint.cpp */ = {isa = PBXFileReference; fileEncoding = 4; lastKnownFileType = sourcecode.cpp.cpp; name = totemJoint.cpp; path = ../../../../../Projects/Hackdirt/TotemGames/src/gameClasses/totemJoint.cpp; sourceTree = SOURCE_ROOT; };
		63CA752E1196618A0010C802 /* totemJoint.h */ = {isa = PBXFileReference; fileEncoding = 4; lastKnownFileType = sourcecode.c.h; name = totemJoint.h; path = ../../../../../Projects/Hackdirt/TotemGames/src/gameClasses/totemJoint.h; sourceTree = SOURCE_ROOT; };
		63CA752F1196618A0010C802 /* totemLayer.cpp */ = {isa = PBXFileReference; fileEncoding = 4; lastKnownFileType = sourcecode.cpp.cpp; name = totemLayer.cpp; path = ../../../../../Projects/Hackdirt/TotemGames/src/gameClasses/totemLayer.cpp; sourceTree = SOURCE_ROOT; };
		63CA75301196618A0010C802 /* totemLayer.h */ = {isa = PBXFileReference; fileEncoding = 4; lastKnownFileType = sourcecode.c.h; name = totemLayer.h; path = ../../../../../Projects/Hackdirt/TotemGames/src/gameClasses/totemLayer.h; sourceTree = SOURCE_ROOT; };
		63CA75311196618A0010C802 /* totemLevel.cpp */ = {isa = PBXFileReference; fileEncoding = 4; lastKnownFileType = sourcecode.cpp.cpp; name = totemLevel.cpp; path = ../../../../../Projects/Hackdirt/TotemGames/src/gameClasses/totemLevel.cpp; sourceTree = SOURCE_ROOT; };
		63CA75321196618A0010C802 /* totemLevel.h */ = {isa = PBXFileReference; fileEncoding = 4; lastKnownFileType = sourcecode.c.h; name = totemLevel.h; path = ../../../../../Projects/Hackdirt/TotemGames/src/gameClasses/totemLevel.h; sourceTree = SOURCE_ROOT; };
		63CA75331196618A0010C802 /* totemPolygon.cpp */ = {isa = PBXFileReference; fileEncoding = 4; lastKnownFileType = sourcecode.cpp.cpp; name = totemPolygon.cpp; path = ../../../../../Projects/Hackdirt/TotemGames/src/gameClasses/totemPolygon.cpp; sourceTree = SOURCE_ROOT; };
		63CA75341196618A0010C802 /* totemPolygon.h */ = {isa = PBXFileReference; fileEncoding = 4; lastKnownFileType = sourcecode.c.h; name = totemPolygon.h; path = ../../../../../Projects/Hackdirt/TotemGames/src/gameClasses/totemPolygon.h; sourceTree = SOURCE_ROOT; };
		63CA75351196618A0010C802 /* totemUtils.cpp */ = {isa = PBXFileReference; fileEncoding = 4; lastKnownFileType = sourcecode.cpp.cpp; name = totemUtils.cpp; path = ../../../../../Projects/Hackdirt/TotemGames/src/gameClasses/totemUtils.cpp; sourceTree = SOURCE_ROOT; };
		63CA75361196618A0010C802 /* totemUtils.h */ = {isa = PBXFileReference; fileEncoding = 4; lastKnownFileType = sourcecode.c.h; name = totemUtils.h; path = ../../../../../Projects/Hackdirt/TotemGames/src/gameClasses/totemUtils.h; sourceTree = SOURCE_ROOT; };
		63CA75371196618A0010C802 /* totemWorld.cpp */ = {isa = PBXFileReference; fileEncoding = 4; lastKnownFileType = sourcecode.cpp.cpp; name = totemWorld.cpp; path = ../../../../../Projects/Hackdirt/TotemGames/src/gameClasses/totemWorld.cpp; sourceTree = SOURCE_ROOT; };
		63CA75381196618A0010C802 /* totemWorld.h */ = {isa = PBXFileReference; fileEncoding = 4; lastKnownFileType = sourcecode.c.h; name = totemWorld.h; path = ../../../../../Projects/Hackdirt/TotemGames/src/gameClasses/totemWorld.h; sourceTree = SOURCE_ROOT; };
		63CA75391196618A0010C802 /* totemContactManager.h */ = {isa = PBXFileReference; fileEncoding = 4; lastKnownFileType = sourcecode.c.h; name = totemContactManager.h; path = ../../../../../Projects/Hackdirt/TotemGames/src/gameClasses/totemContactManager.h; sourceTree = SOURCE_ROOT; };
		63CA753A1196618A0010C802 /* totemContactManager.cpp */ = {isa = PBXFileReference; fileEncoding = 4; lastKnownFileType = sourcecode.cpp.cpp; name = totemContactManager.cpp; path = ../../../../../Projects/Hackdirt/TotemGames/src/gameClasses/totemContactManager.cpp; sourceTree = SOURCE_ROOT; };
		63CA753B1196618A0010C802 /* totemFloorInfo.h */ = {isa = PBXFileReference; fileEncoding = 4; lastKnownFileType = sourcecode.c.h; name = totemFloorInfo.h; path = ../../../../../Projects/Hackdirt/TotemGames/src/gameClasses/totemFloorInfo.h; sourceTree = SOURCE_ROOT; };
		63CA753C1196618A0010C802 /* totemFloorInfo.cpp */ = {isa = PBXFileReference; fileEncoding = 4; lastKnownFileType = sourcecode.cpp.cpp; name = totemFloorInfo.cpp; path = ../../../../../Projects/Hackdirt/TotemGames/src/gameClasses/totemFloorInfo.cpp; sourceTree = SOURCE_ROOT; };
		63CA754B119661D20010C802 /* paths_osx.xcconfig */ = {isa = PBXFileReference; fileEncoding = 4; lastKnownFileType = text.xcconfig; name = paths_osx.xcconfig; path = ../../xcode/paths_osx.xcconfig; sourceTree = SOURCE_ROOT; };
		63CA75B81196641D0010C802 /* ttw2bin_prefix.pch */ = {isa = PBXFileReference; fileEncoding = 4; lastKnownFileType = sourcecode.c.h; path = ttw2bin_prefix.pch; sourceTree = "<group>"; };
		63CA75D7119666690010C802 /* OpenGL.framework */ = {isa = PBXFileReference; lastKnownFileType = wrapper.framework; name = OpenGL.framework; path = System/Library/Frameworks/OpenGL.framework; sourceTree = SDKROOT; };
		63CA76791196672C0010C802 /* libpng12.0.dylib */ = {isa = PBXFileReference; lastKnownFileType = "compiled.mach-o.dylib"; name = libpng12.0.dylib; path = usr/X11/lib/libpng12.0.dylib; sourceTree = SDKROOT; };
		8DD76F6C0486A84900D96B5E /* ttw2bin32 */ = {isa = PBXFileReference; explicitFileType = "compiled.mach-o.executable"; includeInIndex = 0; path = ttw2bin32; sourceTree = BUILT_PRODUCTS_DIR; };
/* End PBXFileReference section */

/* Begin PBXFrameworksBuildPhase section */
		8DD76F660486A84900D96B5E /* Frameworks */ = {
			isa = PBXFrameworksBuildPhase;
			buildActionMask = 2147483647;
			files = (
				63B4BCB1107537F300A0A288 /* Foundation.framework in Frameworks */,
				63B4BFE21075592900A0A288 /* libz.1.2.3.dylib in Frameworks */,
				63CA74FF119660220010C802 /* libhdkOSXmin_32.a in Frameworks */,
				63CA75D8119666690010C802 /* OpenGL.framework in Frameworks */,
				63CA767A1196672C0010C802 /* libpng12.0.dylib in Frameworks */,
			);
			runOnlyForDeploymentPostprocessing = 0;
		};
/* End PBXFrameworksBuildPhase section */

/* Begin PBXGroup section */
		08FB7794FE84155DC02AAC07 /* PakMaker */ = {
			isa = PBXGroup;
			children = (
				63CA754A119661D20010C802 /* Config */,
				63B4BCAF107537E100A0A288 /* Frameworks */,
				63B4BC88107536A700A0A288 /* Libraries */,
				08FB7795FE84155DC02AAC07 /* Source */,
				1AB674ADFE9D54B511CA2CBB /* Products */,
			);
			name = PakMaker;
			sourceTree = "<group>";
		};
		08FB7795FE84155DC02AAC07 /* Source */ = {
			isa = PBXGroup;
			children = (
				63CA75B81196641D0010C802 /* ttw2bin_prefix.pch */,
				08FB7796FE84155DC02AAC07 /* main.cpp */,
			);
			name = Source;
			sourceTree = "<group>";
		};
		1AB674ADFE9D54B511CA2CBB /* Products */ = {
			isa = PBXGroup;
			children = (
				8DD76F6C0486A84900D96B5E /* ttw2bin32 */,
			);
			name = Products;
			sourceTree = "<group>";
		};
		63B4BC88107536A700A0A288 /* Libraries */ = {
			isa = PBXGroup;
			children = (
				63CA751E1196618A0010C802 /* Totem */,
				63CA74F6119660110010C802 /* hdkOSXmin.xcodeproj */,
			);
			name = Libraries;
			sourceTree = "<group>";
		};
		63B4BCAF107537E100A0A288 /* Frameworks */ = {
			isa = PBXGroup;
			children = (
				63CA76791196672C0010C802 /* libpng12.0.dylib */,
				63B4BFE11075592900A0A288 /* libz.1.2.3.dylib */,
				63CA75D7119666690010C802 /* OpenGL.framework */,
				63B4BCB0107537F300A0A288 /* Foundation.framework */,
			);
			name = Frameworks;
			sourceTree = "<group>";
		};
		63CA74F7119660110010C802 /* Products */ = {
			isa = PBXGroup;
			children = (
				63CA74FC119660110010C802 /* libhdkOSXmin_64.a */,
				63CA74FE119660110010C802 /* libhdkOSXmin_32.a */,
			);
			name = Products;
			sourceTree = "<group>";
		};
		63CA751E1196618A0010C802 /* Totem */ = {
			isa = PBXGroup;
			children = (
				63CA751F1196618A0010C802 /* totemWorldManager.h */,
				63CA75201196618A0010C802 /* totemWorldManager.cpp */,
				63CA75211196618A0010C802 /* totemEvent.cpp */,
				63CA75221196618A0010C802 /* totemEvent.h */,
				63CA75231196618A0010C802 /* totemBlock.cpp */,
				63CA75241196618A0010C802 /* totemBlock.h */,
				63CA75251196618A0010C802 /* totemConstants.h */,
				63CA75261196618A0010C802 /* totemEnums.h */,
				63CA75271196618A0010C802 /* totemGame.h */,
				63CA75281196618A0010C802 /* totemGameObject.h */,
				63CA75291196618A0010C802 /* totemItem.cpp */,
				63CA752A1196618A0010C802 /* totemItem.h */,
				63CA752B1196618A0010C802 /* totemJack.cpp */,
				63CA752C1196618A0010C802 /* totemJack.h */,
				63CA752D1196618A0010C802 /* totemJoint.cpp */,
				63CA752E1196618A0010C802 /* totemJoint.h */,
				63CA752F1196618A0010C802 /* totemLayer.cpp */,
				63CA75301196618A0010C802 /* totemLayer.h */,
				63CA75311196618A0010C802 /* totemLevel.cpp */,
				63CA75321196618A0010C802 /* totemLevel.h */,
				63CA75331196618A0010C802 /* totemPolygon.cpp */,
				63CA75341196618A0010C802 /* totemPolygon.h */,
				63CA75351196618A0010C802 /* totemUtils.cpp */,
				63CA75361196618A0010C802 /* totemUtils.h */,
				63CA75371196618A0010C802 /* totemWorld.cpp */,
				63CA75381196618A0010C802 /* totemWorld.h */,
				63CA75391196618A0010C802 /* totemContactManager.h */,
				63CA753A1196618A0010C802 /* totemContactManager.cpp */,
				63CA753B1196618A0010C802 /* totemFloorInfo.h */,
				63CA753C1196618A0010C802 /* totemFloorInfo.cpp */,
			);
			name = Totem;
			sourceTree = "<group>";
		};
		63CA754A119661D20010C802 /* Config */ = {
			isa = PBXGroup;
			children = (
				63CA754B119661D20010C802 /* paths_osx.xcconfig */,
			);
			name = Config;
			sourceTree = "<group>";
		};
/* End PBXGroup section */

/* Begin PBXNativeTarget section */
		8DD76F620486A84900D96B5E /* ttw2bin32 */ = {
			isa = PBXNativeTarget;
			buildConfigurationList = 1DEB923108733DC60010E9CD /* Build configuration list for PBXNativeTarget "ttw2bin32" */;
			buildPhases = (
				8DD76F640486A84900D96B5E /* Sources */,
				8DD76F660486A84900D96B5E /* Frameworks */,
				8DD76F690486A84900D96B5E /* CopyFiles */,
			);
			buildRules = (
			);
			dependencies = (
			);
			name = ttw2bin32;
			productInstallPath = "$(HOME)/bin";
			productName = PakMaker;
			productReference = 8DD76F6C0486A84900D96B5E /* ttw2bin32 */;
			productType = "com.apple.product-type.tool";
		};
/* End PBXNativeTarget section */

/* Begin PBXProject section */
		08FB7793FE84155DC02AAC07 /* Project object */ = {
			isa = PBXProject;
			buildConfigurationList = 1DEB923508733DC60010E9CD /* Build configuration list for PBXProject "ttw2bin" */;
			compatibilityVersion = "Xcode 3.1";
			developmentRegion = English;
			hasScannedForEncodings = 1;
			knownRegions = (
				English,
				Japanese,
				French,
				German,
			);
			mainGroup = 08FB7794FE84155DC02AAC07 /* PakMaker */;
			projectDirPath = "";
			projectReferences = (
				{
					ProductGroup = 63CA74F7119660110010C802 /* Products */;
					ProjectRef = 63CA74F6119660110010C802 /* hdkOSXmin.xcodeproj */;
				},
			);
			projectRoot = "";
			targets = (
				8DD76F620486A84900D96B5E /* ttw2bin32 */,
			);
		};
/* End PBXProject section */

/* Begin PBXReferenceProxy section */
		63CA74FC119660110010C802 /* libhdkOSXmin_64.a */ = {
			isa = PBXReferenceProxy;
			fileType = archive.ar;
			path = libhdkOSXmin_64.a;
			remoteRef = 63CA74FB119660110010C802 /* PBXContainerItemProxy */;
			sourceTree = BUILT_PRODUCTS_DIR;
		};
		63CA74FE119660110010C802 /* libhdkOSXmin_32.a */ = {
			isa = PBXReferenceProxy;
			fileType = archive.ar;
			path = libhdkOSXmin_32.a;
			remoteRef = 63CA74FD119660110010C802 /* PBXContainerItemProxy */;
			sourceTree = BUILT_PRODUCTS_DIR;
		};
/* End PBXReferenceProxy section */

/* Begin PBXSourcesBuildPhase section */
		8DD76F640486A84900D96B5E /* Sources */ = {
			isa = PBXSourcesBuildPhase;
			buildActionMask = 2147483647;
			files = (
				8DD76F650486A84900D96B5E /* main.cpp in Sources */,
				63CA753D1196618A0010C802 /* totemWorldManager.cpp in Sources */,
				63CA753E1196618A0010C802 /* totemEvent.cpp in Sources */,
				63CA753F1196618A0010C802 /* totemBlock.cpp in Sources */,
				63CA75401196618A0010C802 /* totemItem.cpp in Sources */,
				63CA75411196618A0010C802 /* totemJack.cpp in Sources */,
				63CA75421196618A0010C802 /* totemJoint.cpp in Sources */,
				63CA75431196618A0010C802 /* totemLayer.cpp in Sources */,
				63CA75441196618A0010C802 /* totemLevel.cpp in Sources */,
				63CA75451196618A0010C802 /* totemPolygon.cpp in Sources */,
				63CA75461196618A0010C802 /* totemUtils.cpp in Sources */,
				63CA75471196618A0010C802 /* totemWorld.cpp in Sources */,
				63CA75481196618A0010C802 /* totemContactManager.cpp in Sources */,
				63CA75491196618A0010C802 /* totemFloorInfo.cpp in Sources */,
			);
			runOnlyForDeploymentPostprocessing = 0;
		};
/* End PBXSourcesBuildPhase section */

/* Begin XCBuildConfiguration section */
		1DEB923208733DC60010E9CD /* Debug */ = {
			isa = XCBuildConfiguration;
			baseConfigurationReference = 63CA754B119661D20010C802 /* paths_osx.xcconfig */;
			buildSettings = {
				ALWAYS_SEARCH_USER_PATHS = NO;
				COPY_PHASE_STRIP = NO;
				GCC_DYNAMIC_NO_PIC = NO;
				GCC_ENABLE_FIX_AND_CONTINUE = YES;
				GCC_MODEL_TUNING = G5;
				GCC_OPTIMIZATION_LEVEL = s;
				GCC_PRECOMPILE_PREFIX_HEADER = YES;
				GCC_PREFIX_HEADER = ttw2bin_prefix.pch;
				GCC_PREPROCESSOR_DEFINITIONS = (
					"DEBUG=1",
					"LEVEL_EDITOR=1",
				);
				GCC_PREPROCESSOR_DEFINITIONS_NOT_USED_IN_PRECOMPS = "";
				GENERATE_PKGINFO_FILE = YES;
				HEADER_SEARCH_PATHS = "$(inherited)";
				INSTALL_PATH = /usr/local/bin;
				LIBRARY_SEARCH_PATHS = (
					"$(inherited)",
					"\"$(SDKROOT)/usr/X11/lib\"",
				);
				ONLY_ACTIVE_ARCH = YES;
				OTHER_LDFLAGS = "$(inherited)";
				PRODUCT_NAME = ttw2bin32;
				SCAN_ALL_SOURCE_FILES_FOR_INCLUDES = YES;
			};
			name = Debug;
		};
		1DEB923308733DC60010E9CD /* Release */ = {
			isa = XCBuildConfiguration;
			baseConfigurationReference = 63CA754B119661D20010C802 /* paths_osx.xcconfig */;
			buildSettings = {
				ALWAYS_SEARCH_USER_PATHS = NO;
				DEBUG_INFORMATION_FORMAT = "dwarf-with-dsym";
				GCC_DYNAMIC_NO_PIC = NO;
				GCC_MODEL_TUNING = G5;
				GCC_OPTIMIZATION_LEVEL = s;
				GCC_PRECOMPILE_PREFIX_HEADER = YES;
				GCC_PREFIX_HEADER = ttw2bin_prefix.pch;
				GENERATE_PKGINFO_FILE = YES;
				HEADER_SEARCH_PATHS = "$(inherited)";
				INSTALL_PATH = /usr/local/bin;
				LIBRARY_SEARCH_PATHS = (
					"$(inherited)",
					"\"$(SDKROOT)/usr/X11/lib\"",
				);
				ONLY_ACTIVE_ARCH = YES;
				OTHER_LDFLAGS = "$(inherited)";
				PRODUCT_NAME = ttw2bin32;
				SCAN_ALL_SOURCE_FILES_FOR_INCLUDES = YES;
			};
			name = Release;
		};
		1DEB923608733DC60010E9CD /* Debug */ = {
			isa = XCBuildConfiguration;
			buildSettings = {
				ARCHS = "$(ARCHS_STANDARD_32_BIT)";
				GCC_C_LANGUAGE_STANDARD = c99;
				GCC_OPTIMIZATION_LEVEL = 0;
				GCC_WARN_ABOUT_RETURN_TYPE = YES;
				GCC_WARN_UNUSED_VARIABLE = YES;
				ONLY_ACTIVE_ARCH = YES;
				PREBINDING = NO;
				SDKROOT = macosx10.5;
			};
			name = Debug;
		};
		1DEB923708733DC60010E9CD /* Release */ = {
			isa = XCBuildConfiguration;
			buildSettings = {
				ARCHS = "$(ARCHS_STANDARD_32_BIT)";
				GCC_C_LANGUAGE_STANDARD = c99;
				GCC_WARN_ABOUT_RETURN_TYPE = YES;
				GCC_WARN_UNUSED_VARIABLE = YES;
				PREBINDING = NO;
				SDKROOT = macosx10.5;
			};
			name = Release;
		};
/* End XCBuildConfiguration section */

/* Begin XCConfigurationList section */
		1DEB923108733DC60010E9CD /* Build configuration list for PBXNativeTarget "ttw2bin32" */ = {
			isa = XCConfigurationList;
			buildConfigurations = (
				1DEB923208733DC60010E9CD /* Debug */,
				1DEB923308733DC60010E9CD /* Release */,
			);
			defaultConfigurationIsVisible = 0;
			defaultConfigurationName = Release;
		};
		1DEB923508733DC60010E9CD /* Build configuration list for PBXProject "ttw2bin" */ = {
			isa = XCConfigurationList;
			buildConfigurations = (
				1DEB923608733DC60010E9CD /* Debug */,
				1DEB923708733DC60010E9CD /* Release */,
			);
			defaultConfigurationIsVisible = 0;
			defaultConfigurationName = Release;
		};
/* End XCConfigurationList section */
	};
	rootObject = 08FB7793FE84155DC02AAC07 /* Project object */;
}
