// !$*UTF8*$!
{
	archiveVersion = 1;
	classes = {
	};
	objectVersion = 46;
	objects = {

/* Begin PBXBuildFile section */
		63B4BCB1107537F300A0A288 /* Foundation.framework in Frameworks */ = {isa = PBXBuildFile; fileRef = 63B4BCB0107537F300A0A288 /* Foundation.framework */; };
		63CA75D8119666690010C802 /* OpenGL.framework in Frameworks */ = {isa = PBXBuildFile; fileRef = 63CA75D7119666690010C802 /* OpenGL.framework */; };
		8DD76F650486A84900D96B5E /* main.cpp in Sources */ = {isa = PBXBuildFile; fileRef = 08FB7796FE84155DC02AAC07 /* main.cpp */; settings = {ATTRIBUTES = (); }; };
		E4236CE119861A4C00A70605 /* totemBlock.cpp in Sources */ = {isa = PBXBuildFile; fileRef = E4236CC319861A4C00A70605 /* totemBlock.cpp */; };
		E4236CE219861A4C00A70605 /* totemContactManager.cpp in Sources */ = {isa = PBXBuildFile; fileRef = E4236CC619861A4C00A70605 /* totemContactManager.cpp */; };
		E4236CE319861A4C00A70605 /* totemEvent.cpp in Sources */ = {isa = PBXBuildFile; fileRef = E4236CC919861A4C00A70605 /* totemEvent.cpp */; };
		E4236CE419861A4C00A70605 /* totemFloorInfo.cpp in Sources */ = {isa = PBXBuildFile; fileRef = E4236CCB19861A4C00A70605 /* totemFloorInfo.cpp */; };
		E4236CE519861A4C00A70605 /* totemItem.cpp in Sources */ = {isa = PBXBuildFile; fileRef = E4236CCF19861A4C00A70605 /* totemItem.cpp */; };
		E4236CE619861A4C00A70605 /* totemJack.cpp in Sources */ = {isa = PBXBuildFile; fileRef = E4236CD119861A4C00A70605 /* totemJack.cpp */; };
		E4236CE719861A4C00A70605 /* totemJoint.cpp in Sources */ = {isa = PBXBuildFile; fileRef = E4236CD319861A4C00A70605 /* totemJoint.cpp */; };
		E4236CE819861A4C00A70605 /* totemLayer.cpp in Sources */ = {isa = PBXBuildFile; fileRef = E4236CD519861A4C00A70605 /* totemLayer.cpp */; };
		E4236CE919861A4C00A70605 /* totemLevel.cpp in Sources */ = {isa = PBXBuildFile; fileRef = E4236CD719861A4C00A70605 /* totemLevel.cpp */; };
		E4236CEA19861A4C00A70605 /* totemPolygon.cpp in Sources */ = {isa = PBXBuildFile; fileRef = E4236CD919861A4C00A70605 /* totemPolygon.cpp */; };
		E4236CEB19861A4C00A70605 /* totemUtils.cpp in Sources */ = {isa = PBXBuildFile; fileRef = E4236CDB19861A4C00A70605 /* totemUtils.cpp */; };
		E4236CEC19861A4C00A70605 /* totemWorld.cpp in Sources */ = {isa = PBXBuildFile; fileRef = E4236CDD19861A4C00A70605 /* totemWorld.cpp */; };
		E4236CED19861A4C00A70605 /* totemWorldManager.cpp in Sources */ = {isa = PBXBuildFile; fileRef = E4236CDF19861A4C00A70605 /* totemWorldManager.cpp */; };
		E4925C2319861C7900FD5BE5 /* libhdkOSX.a in Frameworks */ = {isa = PBXBuildFile; fileRef = E4925C2019861C6D00FD5BE5 /* libhdkOSX.a */; };
		E4925C2519861CB000FD5BE5 /* libz.dylib in Frameworks */ = {isa = PBXBuildFile; fileRef = E4925C2419861CB000FD5BE5 /* libz.dylib */; };
		E4925C2B19861CBE00FD5BE5 /* AudioToolbox.framework in Frameworks */ = {isa = PBXBuildFile; fileRef = E4925C2619861CBE00FD5BE5 /* AudioToolbox.framework */; };
		E4925C2C19861CBE00FD5BE5 /* CoreAudio.framework in Frameworks */ = {isa = PBXBuildFile; fileRef = E4925C2719861CBE00FD5BE5 /* CoreAudio.framework */; };
		E4925C2D19861CBE00FD5BE5 /* OpenAL.framework in Frameworks */ = {isa = PBXBuildFile; fileRef = E4925C2819861CBE00FD5BE5 /* OpenAL.framework */; };
		E4925C2E19861CBE00FD5BE5 /* QuartzCore.framework in Frameworks */ = {isa = PBXBuildFile; fileRef = E4925C2919861CBE00FD5BE5 /* QuartzCore.framework */; };
		E4925C2F19861CBE00FD5BE5 /* GLUT.framework in Frameworks */ = {isa = PBXBuildFile; fileRef = E4925C2A19861CBE00FD5BE5 /* GLUT.framework */; };
/* End PBXBuildFile section */

/* Begin PBXContainerItemProxy section */
		E4925C1F19861C6D00FD5BE5 /* PBXContainerItemProxy */ = {
			isa = PBXContainerItemProxy;
			containerPortal = E4925C1B19861C6D00FD5BE5 /* hdkOSX.xcodeproj */;
			proxyType = 2;
			remoteGlobalIDString = D2AAC07E0554694100DB518D;
			remoteInfo = hdkOSX;
		};
		E4925C2119861C7500FD5BE5 /* PBXContainerItemProxy */ = {
			isa = PBXContainerItemProxy;
			containerPortal = E4925C1B19861C6D00FD5BE5 /* hdkOSX.xcodeproj */;
			proxyType = 1;
			remoteGlobalIDString = D2AAC07D0554694100DB518D;
			remoteInfo = hdkOSX;
		};
/* End PBXContainerItemProxy section */

/* Begin PBXCopyFilesBuildPhase section */
		8DD76F690486A84900D96B5E /* CopyFiles */ = {
			isa = PBXCopyFilesBuildPhase;
			buildActionMask = 8;
			dstPath = /usr/share/man/man1/;
			dstSubfolderSpec = 0;
			files = (
			);
			runOnlyForDeploymentPostprocessing = 1;
		};
/* End PBXCopyFilesBuildPhase section */

/* Begin PBXFileReference section */
		08FB7796FE84155DC02AAC07 /* main.cpp */ = {isa = PBXFileReference; fileEncoding = 4; lastKnownFileType = sourcecode.cpp.cpp; path = main.cpp; sourceTree = "<group>"; };
		63B4BCB0107537F300A0A288 /* Foundation.framework */ = {isa = PBXFileReference; lastKnownFileType = wrapper.framework; name = Foundation.framework; path = System/Library/Frameworks/Foundation.framework; sourceTree = SDKROOT; };
		63CA754B119661D20010C802 /* paths_osx.xcconfig */ = {isa = PBXFileReference; fileEncoding = 4; lastKnownFileType = text.xcconfig; name = paths_osx.xcconfig; path = ../../xcode/paths_osx.xcconfig; sourceTree = SOURCE_ROOT; };
		63CA75B81196641D0010C802 /* ttw2bin_prefix.pch */ = {isa = PBXFileReference; fileEncoding = 4; lastKnownFileType = sourcecode.c.h; path = ttw2bin_prefix.pch; sourceTree = "<group>"; };
		63CA75D7119666690010C802 /* OpenGL.framework */ = {isa = PBXFileReference; lastKnownFileType = wrapper.framework; name = OpenGL.framework; path = System/Library/Frameworks/OpenGL.framework; sourceTree = SDKROOT; };
		8DD76F6C0486A84900D96B5E /* ttw2bin32 */ = {isa = PBXFileReference; explicitFileType = "compiled.mach-o.executable"; includeInIndex = 0; path = ttw2bin32; sourceTree = BUILT_PRODUCTS_DIR; };
		E4236CC319861A4C00A70605 /* totemBlock.cpp */ = {isa = PBXFileReference; fileEncoding = 4; lastKnownFileType = sourcecode.cpp.cpp; name = totemBlock.cpp; path = ../../../../../hackdirt.products/Smashed/src/gameClasses/totemBlock.cpp; sourceTree = "<group>"; };
		E4236CC419861A4C00A70605 /* totemBlock.h */ = {isa = PBXFileReference; fileEncoding = 4; lastKnownFileType = sourcecode.c.h; name = totemBlock.h; path = ../../../../../hackdirt.products/Smashed/src/gameClasses/totemBlock.h; sourceTree = "<group>"; };
		E4236CC519861A4C00A70605 /* totemConstants.h */ = {isa = PBXFileReference; fileEncoding = 4; lastKnownFileType = sourcecode.c.h; name = totemConstants.h; path = ../../../../../hackdirt.products/Smashed/src/gameClasses/totemConstants.h; sourceTree = "<group>"; };
		E4236CC619861A4C00A70605 /* totemContactManager.cpp */ = {isa = PBXFileReference; fileEncoding = 4; lastKnownFileType = sourcecode.cpp.cpp; name = totemContactManager.cpp; path = ../../../../../hackdirt.products/Smashed/src/gameClasses/totemContactManager.cpp; sourceTree = "<group>"; };
		E4236CC719861A4C00A70605 /* totemContactManager.h */ = {isa = PBXFileReference; fileEncoding = 4; lastKnownFileType = sourcecode.c.h; name = totemContactManager.h; path = ../../../../../hackdirt.products/Smashed/src/gameClasses/totemContactManager.h; sourceTree = "<group>"; };
		E4236CC819861A4C00A70605 /* totemEnums.h */ = {isa = PBXFileReference; fileEncoding = 4; lastKnownFileType = sourcecode.c.h; name = totemEnums.h; path = ../../../../../hackdirt.products/Smashed/src/gameClasses/totemEnums.h; sourceTree = "<group>"; };
		E4236CC919861A4C00A70605 /* totemEvent.cpp */ = {isa = PBXFileReference; fileEncoding = 4; lastKnownFileType = sourcecode.cpp.cpp; name = totemEvent.cpp; path = ../../../../../hackdirt.products/Smashed/src/gameClasses/totemEvent.cpp; sourceTree = "<group>"; };
		E4236CCA19861A4C00A70605 /* totemEvent.h */ = {isa = PBXFileReference; fileEncoding = 4; lastKnownFileType = sourcecode.c.h; name = totemEvent.h; path = ../../../../../hackdirt.products/Smashed/src/gameClasses/totemEvent.h; sourceTree = "<group>"; };
		E4236CCB19861A4C00A70605 /* totemFloorInfo.cpp */ = {isa = PBXFileReference; fileEncoding = 4; lastKnownFileType = sourcecode.cpp.cpp; name = totemFloorInfo.cpp; path = ../../../../../hackdirt.products/Smashed/src/gameClasses/totemFloorInfo.cpp; sourceTree = "<group>"; };
		E4236CCC19861A4C00A70605 /* totemFloorInfo.h */ = {isa = PBXFileReference; fileEncoding = 4; lastKnownFileType = sourcecode.c.h; name = totemFloorInfo.h; path = ../../../../../hackdirt.products/Smashed/src/gameClasses/totemFloorInfo.h; sourceTree = "<group>"; };
		E4236CCD19861A4C00A70605 /* totemGame.h */ = {isa = PBXFileReference; fileEncoding = 4; lastKnownFileType = sourcecode.c.h; name = totemGame.h; path = ../../../../../hackdirt.products/Smashed/src/gameClasses/totemGame.h; sourceTree = "<group>"; };
		E4236CCE19861A4C00A70605 /* totemGameObject.h */ = {isa = PBXFileReference; fileEncoding = 4; lastKnownFileType = sourcecode.c.h; name = totemGameObject.h; path = ../../../../../hackdirt.products/Smashed/src/gameClasses/totemGameObject.h; sourceTree = "<group>"; };
		E4236CCF19861A4C00A70605 /* totemItem.cpp */ = {isa = PBXFileReference; fileEncoding = 4; lastKnownFileType = sourcecode.cpp.cpp; name = totemItem.cpp; path = ../../../../../hackdirt.products/Smashed/src/gameClasses/totemItem.cpp; sourceTree = "<group>"; };
		E4236CD019861A4C00A70605 /* totemItem.h */ = {isa = PBXFileReference; fileEncoding = 4; lastKnownFileType = sourcecode.c.h; name = totemItem.h; path = ../../../../../hackdirt.products/Smashed/src/gameClasses/totemItem.h; sourceTree = "<group>"; };
		E4236CD119861A4C00A70605 /* totemJack.cpp */ = {isa = PBXFileReference; fileEncoding = 4; lastKnownFileType = sourcecode.cpp.cpp; name = totemJack.cpp; path = ../../../../../hackdirt.products/Smashed/src/gameClasses/totemJack.cpp; sourceTree = "<group>"; };
		E4236CD219861A4C00A70605 /* totemJack.h */ = {isa = PBXFileReference; fileEncoding = 4; lastKnownFileType = sourcecode.c.h; name = totemJack.h; path = ../../../../../hackdirt.products/Smashed/src/gameClasses/totemJack.h; sourceTree = "<group>"; };
		E4236CD319861A4C00A70605 /* totemJoint.cpp */ = {isa = PBXFileReference; fileEncoding = 4; lastKnownFileType = sourcecode.cpp.cpp; name = totemJoint.cpp; path = ../../../../../hackdirt.products/Smashed/src/gameClasses/totemJoint.cpp; sourceTree = "<group>"; };
		E4236CD419861A4C00A70605 /* totemJoint.h */ = {isa = PBXFileReference; fileEncoding = 4; lastKnownFileType = sourcecode.c.h; name = totemJoint.h; path = ../../../../../hackdirt.products/Smashed/src/gameClasses/totemJoint.h; sourceTree = "<group>"; };
		E4236CD519861A4C00A70605 /* totemLayer.cpp */ = {isa = PBXFileReference; fileEncoding = 4; lastKnownFileType = sourcecode.cpp.cpp; name = totemLayer.cpp; path = ../../../../../hackdirt.products/Smashed/src/gameClasses/totemLayer.cpp; sourceTree = "<group>"; };
		E4236CD619861A4C00A70605 /* totemLayer.h */ = {isa = PBXFileReference; fileEncoding = 4; lastKnownFileType = sourcecode.c.h; name = totemLayer.h; path = ../../../../../hackdirt.products/Smashed/src/gameClasses/totemLayer.h; sourceTree = "<group>"; };
		E4236CD719861A4C00A70605 /* totemLevel.cpp */ = {isa = PBXFileReference; fileEncoding = 4; lastKnownFileType = sourcecode.cpp.cpp; name = totemLevel.cpp; path = ../../../../../hackdirt.products/Smashed/src/gameClasses/totemLevel.cpp; sourceTree = "<group>"; };
		E4236CD819861A4C00A70605 /* totemLevel.h */ = {isa = PBXFileReference; fileEncoding = 4; lastKnownFileType = sourcecode.c.h; name = totemLevel.h; path = ../../../../../hackdirt.products/Smashed/src/gameClasses/totemLevel.h; sourceTree = "<group>"; };
		E4236CD919861A4C00A70605 /* totemPolygon.cpp */ = {isa = PBXFileReference; fileEncoding = 4; lastKnownFileType = sourcecode.cpp.cpp; name = totemPolygon.cpp; path = ../../../../../hackdirt.products/Smashed/src/gameClasses/totemPolygon.cpp; sourceTree = "<group>"; };
		E4236CDA19861A4C00A70605 /* totemPolygon.h */ = {isa = PBXFileReference; fileEncoding = 4; lastKnownFileType = sourcecode.c.h; name = totemPolygon.h; path = ../../../../../hackdirt.products/Smashed/src/gameClasses/totemPolygon.h; sourceTree = "<group>"; };
		E4236CDB19861A4C00A70605 /* totemUtils.cpp */ = {isa = PBXFileReference; fileEncoding = 4; lastKnownFileType = sourcecode.cpp.cpp; name = totemUtils.cpp; path = ../../../../../hackdirt.products/Smashed/src/gameClasses/totemUtils.cpp; sourceTree = "<group>"; };
		E4236CDC19861A4C00A70605 /* totemUtils.h */ = {isa = PBXFileReference; fileEncoding = 4; lastKnownFileType = sourcecode.c.h; name = totemUtils.h; path = ../../../../../hackdirt.products/Smashed/src/gameClasses/totemUtils.h; sourceTree = "<group>"; };
		E4236CDD19861A4C00A70605 /* totemWorld.cpp */ = {isa = PBXFileReference; fileEncoding = 4; lastKnownFileType = sourcecode.cpp.cpp; name = totemWorld.cpp; path = ../../../../../hackdirt.products/Smashed/src/gameClasses/totemWorld.cpp; sourceTree = "<group>"; };
		E4236CDE19861A4C00A70605 /* totemWorld.h */ = {isa = PBXFileReference; fileEncoding = 4; lastKnownFileType = sourcecode.c.h; name = totemWorld.h; path = ../../../../../hackdirt.products/Smashed/src/gameClasses/totemWorld.h; sourceTree = "<group>"; };
		E4236CDF19861A4C00A70605 /* totemWorldManager.cpp */ = {isa = PBXFileReference; fileEncoding = 4; lastKnownFileType = sourcecode.cpp.cpp; name = totemWorldManager.cpp; path = ../../../../../hackdirt.products/Smashed/src/gameClasses/totemWorldManager.cpp; sourceTree = "<group>"; };
		E4236CE019861A4C00A70605 /* totemWorldManager.h */ = {isa = PBXFileReference; fileEncoding = 4; lastKnownFileType = sourcecode.c.h; name = totemWorldManager.h; path = ../../../../../hackdirt.products/Smashed/src/gameClasses/totemWorldManager.h; sourceTree = "<group>"; };
		E4925C1B19861C6D00FD5BE5 /* hdkOSX.xcodeproj */ = {isa = PBXFileReference; lastKnownFileType = "wrapper.pb-project"; name = hdkOSX.xcodeproj; path = ../../xcode/hdk/hdkOSX.xcodeproj; sourceTree = "<group>"; };
		E4925C2419861CB000FD5BE5 /* libz.dylib */ = {isa = PBXFileReference; lastKnownFileType = "compiled.mach-o.dylib"; name = libz.dylib; path = /Applications/Xcode.app/Contents/Developer/Platforms/MacOSX.platform/Developer/SDKs/MacOSX10.9.sdk/usr/lib/libz.dylib; sourceTree = "<absolute>"; };
		E4925C2619861CBE00FD5BE5 /* AudioToolbox.framework */ = {isa = PBXFileReference; lastKnownFileType = wrapper.framework; name = AudioToolbox.framework; path = /Applications/Xcode.app/Contents/Developer/Platforms/MacOSX.platform/Developer/SDKs/MacOSX10.9.sdk/System/Library/Frameworks/AudioToolbox.framework; sourceTree = "<absolute>"; };
		E4925C2719861CBE00FD5BE5 /* CoreAudio.framework */ = {isa = PBXFileReference; lastKnownFileType = wrapper.framework; name = CoreAudio.framework; path = /Applications/Xcode.app/Contents/Developer/Platforms/MacOSX.platform/Developer/SDKs/MacOSX10.9.sdk/System/Library/Frameworks/CoreAudio.framework; sourceTree = "<absolute>"; };
		E4925C2819861CBE00FD5BE5 /* OpenAL.framework */ = {isa = PBXFileReference; lastKnownFileType = wrapper.framework; name = OpenAL.framework; path = /Applications/Xcode.app/Contents/Developer/Platforms/MacOSX.platform/Developer/SDKs/MacOSX10.9.sdk/System/Library/Frameworks/OpenAL.framework; sourceTree = "<absolute>"; };
		E4925C2919861CBE00FD5BE5 /* QuartzCore.framework */ = {isa = PBXFileReference; lastKnownFileType = wrapper.framework; name = QuartzCore.framework; path = /Applications/Xcode.app/Contents/Developer/Platforms/MacOSX.platform/Developer/SDKs/MacOSX10.9.sdk/System/Library/Frameworks/QuartzCore.framework; sourceTree = "<absolute>"; };
		E4925C2A19861CBE00FD5BE5 /* GLUT.framework */ = {isa = PBXFileReference; lastKnownFileType = wrapper.framework; name = GLUT.framework; path = /Applications/Xcode.app/Contents/Developer/Platforms/MacOSX.platform/Developer/SDKs/MacOSX10.9.sdk/System/Library/Frameworks/GLUT.framework; sourceTree = "<absolute>"; };
/* End PBXFileReference section */

/* Begin PBXFrameworksBuildPhase section */
		8DD76F660486A84900D96B5E /* Frameworks */ = {
			isa = PBXFrameworksBuildPhase;
			buildActionMask = 2147483647;
			files = (
				E4925C2E19861CBE00FD5BE5 /* QuartzCore.framework in Frameworks */,
				E4925C2D19861CBE00FD5BE5 /* OpenAL.framework in Frameworks */,
				E4925C2F19861CBE00FD5BE5 /* GLUT.framework in Frameworks */,
				E4925C2C19861CBE00FD5BE5 /* CoreAudio.framework in Frameworks */,
				E4925C2319861C7900FD5BE5 /* libhdkOSX.a in Frameworks */,
				E4925C2519861CB000FD5BE5 /* libz.dylib in Frameworks */,
				E4925C2B19861CBE00FD5BE5 /* AudioToolbox.framework in Frameworks */,
				63B4BCB1107537F300A0A288 /* Foundation.framework in Frameworks */,
				63CA75D8119666690010C802 /* OpenGL.framework in Frameworks */,
			);
			runOnlyForDeploymentPostprocessing = 0;
		};
/* End PBXFrameworksBuildPhase section */

/* Begin PBXGroup section */
		08FB7794FE84155DC02AAC07 /* PakMaker */ = {
			isa = PBXGroup;
			children = (
				63CA754A119661D20010C802 /* Config */,
				63B4BCAF107537E100A0A288 /* Frameworks */,
				63B4BC88107536A700A0A288 /* Libraries */,
				08FB7795FE84155DC02AAC07 /* Source */,
				1AB674ADFE9D54B511CA2CBB /* Products */,
			);
			name = PakMaker;
			sourceTree = "<group>";
		};
		08FB7795FE84155DC02AAC07 /* Source */ = {
			isa = PBXGroup;
			children = (
				63CA75B81196641D0010C802 /* ttw2bin_prefix.pch */,
				08FB7796FE84155DC02AAC07 /* main.cpp */,
			);
			name = Source;
			sourceTree = "<group>";
		};
		1AB674ADFE9D54B511CA2CBB /* Products */ = {
			isa = PBXGroup;
			children = (
				8DD76F6C0486A84900D96B5E /* ttw2bin32 */,
			);
			name = Products;
			sourceTree = "<group>";
		};
		63B4BC88107536A700A0A288 /* Libraries */ = {
			isa = PBXGroup;
			children = (
				63CA751E1196618A0010C802 /* Totem */,
			);
			name = Libraries;
			sourceTree = "<group>";
		};
		63B4BCAF107537E100A0A288 /* Frameworks */ = {
			isa = PBXGroup;
			children = (
				E4925C2619861CBE00FD5BE5 /* AudioToolbox.framework */,
				E4925C2719861CBE00FD5BE5 /* CoreAudio.framework */,
				63B4BCB0107537F300A0A288 /* Foundation.framework */,
				E4925C2A19861CBE00FD5BE5 /* GLUT.framework */,
				E4925C1B19861C6D00FD5BE5 /* hdkOSX.xcodeproj */,
				E4925C2419861CB000FD5BE5 /* libz.dylib */,
				E4925C2819861CBE00FD5BE5 /* OpenAL.framework */,
				63CA75D7119666690010C802 /* OpenGL.framework */,
				E4925C2919861CBE00FD5BE5 /* QuartzCore.framework */,
			);
			name = Frameworks;
			sourceTree = "<group>";
		};
		63CA751E1196618A0010C802 /* Totem */ = {
			isa = PBXGroup;
			children = (
				E4236CC319861A4C00A70605 /* totemBlock.cpp */,
				E4236CC419861A4C00A70605 /* totemBlock.h */,
				E4236CC519861A4C00A70605 /* totemConstants.h */,
				E4236CC619861A4C00A70605 /* totemContactManager.cpp */,
				E4236CC719861A4C00A70605 /* totemContactManager.h */,
				E4236CC819861A4C00A70605 /* totemEnums.h */,
				E4236CC919861A4C00A70605 /* totemEvent.cpp */,
				E4236CCA19861A4C00A70605 /* totemEvent.h */,
				E4236CCB19861A4C00A70605 /* totemFloorInfo.cpp */,
				E4236CCC19861A4C00A70605 /* totemFloorInfo.h */,
				E4236CCD19861A4C00A70605 /* totemGame.h */,
				E4236CCE19861A4C00A70605 /* totemGameObject.h */,
				E4236CCF19861A4C00A70605 /* totemItem.cpp */,
				E4236CD019861A4C00A70605 /* totemItem.h */,
				E4236CD119861A4C00A70605 /* totemJack.cpp */,
				E4236CD219861A4C00A70605 /* totemJack.h */,
				E4236CD319861A4C00A70605 /* totemJoint.cpp */,
				E4236CD419861A4C00A70605 /* totemJoint.h */,
				E4236CD519861A4C00A70605 /* totemLayer.cpp */,
				E4236CD619861A4C00A70605 /* totemLayer.h */,
				E4236CD719861A4C00A70605 /* totemLevel.cpp */,
				E4236CD819861A4C00A70605 /* totemLevel.h */,
				E4236CD919861A4C00A70605 /* totemPolygon.cpp */,
				E4236CDA19861A4C00A70605 /* totemPolygon.h */,
				E4236CDB19861A4C00A70605 /* totemUtils.cpp */,
				E4236CDC19861A4C00A70605 /* totemUtils.h */,
				E4236CDD19861A4C00A70605 /* totemWorld.cpp */,
				E4236CDE19861A4C00A70605 /* totemWorld.h */,
				E4236CDF19861A4C00A70605 /* totemWorldManager.cpp */,
				E4236CE019861A4C00A70605 /* totemWorldManager.h */,
			);
			name = Totem;
			sourceTree = "<group>";
		};
		63CA754A119661D20010C802 /* Config */ = {
			isa = PBXGroup;
			children = (
				63CA754B119661D20010C802 /* paths_osx.xcconfig */,
			);
			name = Config;
			sourceTree = "<group>";
		};
		E4925C1C19861C6D00FD5BE5 /* Products */ = {
			isa = PBXGroup;
			children = (
				E4925C2019861C6D00FD5BE5 /* libhdkOSX.a */,
			);
			name = Products;
			sourceTree = "<group>";
		};
/* End PBXGroup section */

/* Begin PBXNativeTarget section */
		8DD76F620486A84900D96B5E /* ttw2bin32 */ = {
			isa = PBXNativeTarget;
			buildConfigurationList = 1DEB923108733DC60010E9CD /* Build configuration list for PBXNativeTarget "ttw2bin32" */;
			buildPhases = (
				8DD76F640486A84900D96B5E /* Sources */,
				8DD76F660486A84900D96B5E /* Frameworks */,
				8DD76F690486A84900D96B5E /* CopyFiles */,
			);
			buildRules = (
			);
			dependencies = (
				E4925C2219861C7500FD5BE5 /* PBXTargetDependency */,
			);
			name = ttw2bin32;
			productInstallPath = "$(HOME)/bin";
			productName = PakMaker;
			productReference = 8DD76F6C0486A84900D96B5E /* ttw2bin32 */;
			productType = "com.apple.product-type.tool";
		};
/* End PBXNativeTarget section */

/* Begin PBXProject section */
		08FB7793FE84155DC02AAC07 /* Project object */ = {
			isa = PBXProject;
			attributes = {
				LastUpgradeCheck = 0510;
			};
			buildConfigurationList = 1DEB923508733DC60010E9CD /* Build configuration list for PBXProject "ttw2bin" */;
			compatibilityVersion = "Xcode 3.2";
			developmentRegion = English;
			hasScannedForEncodings = 1;
			knownRegions = (
				English,
				Japanese,
				French,
				German,
			);
			mainGroup = 08FB7794FE84155DC02AAC07 /* PakMaker */;
			projectDirPath = "";
			projectReferences = (
				{
					ProductGroup = E4925C1C19861C6D00FD5BE5 /* Products */;
					ProjectRef = E4925C1B19861C6D00FD5BE5 /* hdkOSX.xcodeproj */;
				},
			);
			projectRoot = "";
			targets = (
				8DD76F620486A84900D96B5E /* ttw2bin32 */,
			);
		};
/* End PBXProject section */

/* Begin PBXReferenceProxy section */
		E4925C2019861C6D00FD5BE5 /* libhdkOSX.a */ = {
			isa = PBXReferenceProxy;
			fileType = archive.ar;
			path = libhdkOSX.a;
			remoteRef = E4925C1F19861C6D00FD5BE5 /* PBXContainerItemProxy */;
			sourceTree = BUILT_PRODUCTS_DIR;
		};
/* End PBXReferenceProxy section */

/* Begin PBXSourcesBuildPhase section */
		8DD76F640486A84900D96B5E /* Sources */ = {
			isa = PBXSourcesBuildPhase;
			buildActionMask = 2147483647;
			files = (
				E4236CE119861A4C00A70605 /* totemBlock.cpp in Sources */,
				8DD76F650486A84900D96B5E /* main.cpp in Sources */,
				E4236CEA19861A4C00A70605 /* totemPolygon.cpp in Sources */,
				E4236CE719861A4C00A70605 /* totemJoint.cpp in Sources */,
				E4236CE819861A4C00A70605 /* totemLayer.cpp in Sources */,
				E4236CE319861A4C00A70605 /* totemEvent.cpp in Sources */,
				E4236CE519861A4C00A70605 /* totemItem.cpp in Sources */,
				E4236CE219861A4C00A70605 /* totemContactManager.cpp in Sources */,
				E4236CE619861A4C00A70605 /* totemJack.cpp in Sources */,
				E4236CEB19861A4C00A70605 /* totemUtils.cpp in Sources */,
				E4236CE419861A4C00A70605 /* totemFloorInfo.cpp in Sources */,
				E4236CED19861A4C00A70605 /* totemWorldManager.cpp in Sources */,
				E4236CEC19861A4C00A70605 /* totemWorld.cpp in Sources */,
				E4236CE919861A4C00A70605 /* totemLevel.cpp in Sources */,
			);
			runOnlyForDeploymentPostprocessing = 0;
		};
/* End PBXSourcesBuildPhase section */

/* Begin PBXTargetDependency section */
		E4925C2219861C7500FD5BE5 /* PBXTargetDependency */ = {
			isa = PBXTargetDependency;
			name = hdkOSX;
			targetProxy = E4925C2119861C7500FD5BE5 /* PBXContainerItemProxy */;
		};
/* End PBXTargetDependency section */

/* Begin XCBuildConfiguration section */
		1DEB923208733DC60010E9CD /* Debug */ = {
			isa = XCBuildConfiguration;
			baseConfigurationReference = 63CA754B119661D20010C802 /* paths_osx.xcconfig */;
			buildSettings = {
				ALWAYS_SEARCH_USER_PATHS = NO;
				ARCHS = "$(ARCHS_STANDARD_32_BIT)";
				COPY_PHASE_STRIP = NO;
				GCC_DYNAMIC_NO_PIC = NO;
				GCC_ENABLE_FIX_AND_CONTINUE = YES;
				GCC_MODEL_TUNING = G5;
				GCC_OPTIMIZATION_LEVEL = s;
				GCC_PRECOMPILE_PREFIX_HEADER = YES;
				GCC_PREFIX_HEADER = ttw2bin_prefix.pch;
				GCC_PREPROCESSOR_DEFINITIONS = (
					"DEBUG=1",
					"LEVEL_EDITOR=1",
				);
				GCC_PREPROCESSOR_DEFINITIONS_NOT_USED_IN_PRECOMPS = "";
				GENERATE_PKGINFO_FILE = YES;
				HEADER_SEARCH_PATHS = "$(inherited)";
				INSTALL_PATH = /usr/local/bin;
				LIBRARY_SEARCH_PATHS = (
					"$(inherited)",
					"\"$(SDKROOT)/usr/X11/lib\"",
				);
				OTHER_LDFLAGS = "$(inherited)";
				PRODUCT_NAME = ttw2bin32;
				SCAN_ALL_SOURCE_FILES_FOR_INCLUDES = YES;
			};
			name = Debug;
		};
		1DEB923308733DC60010E9CD /* Release */ = {
			isa = XCBuildConfiguration;
			baseConfigurationReference = 63CA754B119661D20010C802 /* paths_osx.xcconfig */;
			buildSettings = {
				ALWAYS_SEARCH_USER_PATHS = NO;
				ARCHS = "$(ARCHS_STANDARD_32_BIT)";
				GCC_DYNAMIC_NO_PIC = NO;
				GCC_MODEL_TUNING = G5;
				GCC_OPTIMIZATION_LEVEL = s;
				GCC_PRECOMPILE_PREFIX_HEADER = YES;
				GCC_PREFIX_HEADER = ttw2bin_prefix.pch;
				GENERATE_PKGINFO_FILE = YES;
				HEADER_SEARCH_PATHS = "$(inherited)";
				INSTALL_PATH = /usr/local/bin;
				LIBRARY_SEARCH_PATHS = (
					"$(inherited)",
					"\"$(SDKROOT)/usr/X11/lib\"",
				);
				OTHER_LDFLAGS = "$(inherited)";
				PRODUCT_NAME = ttw2bin32;
				SCAN_ALL_SOURCE_FILES_FOR_INCLUDES = YES;
			};
			name = Release;
		};
		1DEB923608733DC60010E9CD /* Debug */ = {
			isa = XCBuildConfiguration;
			baseConfigurationReference = 63CA754B119661D20010C802 /* paths_osx.xcconfig */;
			buildSettings = {
				ARCHS = "$(ARCHS_STANDARD_32_BIT)";
				GCC_C_LANGUAGE_STANDARD = c99;
				GCC_OPTIMIZATION_LEVEL = 0;
				GCC_WARN_ABOUT_RETURN_TYPE = YES;
				GCC_WARN_UNUSED_VARIABLE = YES;
				PREBINDING = NO;
				SDKROOT = macosx;
			};
			name = Debug;
		};
		1DEB923708733DC60010E9CD /* Release */ = {
			isa = XCBuildConfiguration;
			baseConfigurationReference = 63CA754B119661D20010C802 /* paths_osx.xcconfig */;
			buildSettings = {
				ARCHS = "$(ARCHS_STANDARD_32_BIT)";
				GCC_C_LANGUAGE_STANDARD = c99;
				GCC_WARN_ABOUT_RETURN_TYPE = YES;
				GCC_WARN_UNUSED_VARIABLE = YES;
				PREBINDING = NO;
				SDKROOT = macosx;
			};
			name = Release;
		};
/* End XCBuildConfiguration section */

/* Begin XCConfigurationList section */
		1DEB923108733DC60010E9CD /* Build configuration list for PBXNativeTarget "ttw2bin32" */ = {
			isa = XCConfigurationList;
			buildConfigurations = (
				1DEB923208733DC60010E9CD /* Debug */,
				1DEB923308733DC60010E9CD /* Release */,
			);
			defaultConfigurationIsVisible = 0;
			defaultConfigurationName = Release;
		};
		1DEB923508733DC60010E9CD /* Build configuration list for PBXProject "ttw2bin" */ = {
			isa = XCConfigurationList;
			buildConfigurations = (
				1DEB923608733DC60010E9CD /* Debug */,
				1DEB923708733DC60010E9CD /* Release */,
			);
			defaultConfigurationIsVisible = 0;
			defaultConfigurationName = Release;
		};
/* End XCConfigurationList section */
	};
	rootObject = 08FB7793FE84155DC02AAC07 /* Project object */;
}
